// !$*UTF8*$!
{
	archiveVersion = 1;
	classes = {
	};
	objectVersion = 42;
	objects = {

/* Begin PBXBuildFile section */
		046EE50513A3B404004A2B13 /* osc.a in Frameworks */ = {isa = PBXBuildFile; fileRef = 046EE4F913A3B404004A2B13 /* osc.a */; };
		046EE50613A3B404004A2B13 /* ofxOscBundle.cpp in Sources */ = {isa = PBXBuildFile; fileRef = 046EE4FD13A3B404004A2B13 /* ofxOscBundle.cpp */; };
		046EE50713A3B404004A2B13 /* ofxOscMessage.cpp in Sources */ = {isa = PBXBuildFile; fileRef = 046EE4FF13A3B404004A2B13 /* ofxOscMessage.cpp */; };
		046EE50813A3B404004A2B13 /* ofxOscReceiver.cpp in Sources */ = {isa = PBXBuildFile; fileRef = 046EE50113A3B404004A2B13 /* ofxOscReceiver.cpp */; };
		046EE50913A3B404004A2B13 /* ofxOscSender.cpp in Sources */ = {isa = PBXBuildFile; fileRef = 046EE50313A3B404004A2B13 /* ofxOscSender.cpp */; };
		04823D4D13A3A6A80072B3F6 /* gui.cpp in Sources */ = {isa = PBXBuildFile; fileRef = 04823D4613A3A6A80072B3F6 /* gui.cpp */; };
		04823D4E13A3A6A80072B3F6 /* main.cpp in Sources */ = {isa = PBXBuildFile; fileRef = 04823D4813A3A6A80072B3F6 /* main.cpp */; };
		04823D4F13A3A6A80072B3F6 /* synth.cpp in Sources */ = {isa = PBXBuildFile; fileRef = 04823D4913A3A6A80072B3F6 /* synth.cpp */; };
		04823D5013A3A6A80072B3F6 /* testApp.cpp in Sources */ = {isa = PBXBuildFile; fileRef = 04823D4B13A3A6A80072B3F6 /* testApp.cpp */; };
		04823E1C13A3A8830072B3F6 /* analyzer.cpp in Sources */ = {isa = PBXBuildFile; fileRef = 04823E1B13A3A8830072B3F6 /* analyzer.cpp */; };
		04823E2B13A3AA930072B3F6 /* tinyxml.cpp in Sources */ = {isa = PBXBuildFile; fileRef = 04823E2413A3AA930072B3F6 /* tinyxml.cpp */; };
		04823E2C13A3AA930072B3F6 /* tinyxmlerror.cpp in Sources */ = {isa = PBXBuildFile; fileRef = 04823E2613A3AA930072B3F6 /* tinyxmlerror.cpp */; };
		04823E2D13A3AA930072B3F6 /* tinyxmlparser.cpp in Sources */ = {isa = PBXBuildFile; fileRef = 04823E2713A3AA930072B3F6 /* tinyxmlparser.cpp */; };
		04823E2E13A3AA930072B3F6 /* ofxXmlSettings.cpp in Sources */ = {isa = PBXBuildFile; fileRef = 04823E2913A3AA930072B3F6 /* ofxXmlSettings.cpp */; };
		04823ECF13A3AACD0072B3F6 /* Color.cpp in Sources */ = {isa = PBXBuildFile; fileRef = 04823E3513A3AACD0072B3F6 /* Color.cpp */; };
		04823ED013A3AACD0072B3F6 /* MSACoreGL.cpp in Sources */ = {isa = PBXBuildFile; fileRef = 04823E3C13A3AACD0072B3F6 /* MSACoreGL.cpp */; };
		04823EDA13A3AACD0072B3F6 /* ofxMSAInteractiveObject.cpp in Sources */ = {isa = PBXBuildFile; fileRef = 04823E9713A3AACD0072B3F6 /* ofxMSAInteractiveObject.cpp */; };
		04823EDB13A3AACD0072B3F6 /* ofxSimpleGuiButton.cpp in Sources */ = {isa = PBXBuildFile; fileRef = 04823E9F13A3AACD0072B3F6 /* ofxSimpleGuiButton.cpp */; };
		04823EDC13A3AACD0072B3F6 /* ofxSimpleGuiColorPicker.cpp in Sources */ = {isa = PBXBuildFile; fileRef = 04823EA113A3AACD0072B3F6 /* ofxSimpleGuiColorPicker.cpp */; };
		04823EDD13A3AACD0072B3F6 /* ofxSimpleGuiComboBox.cpp in Sources */ = {isa = PBXBuildFile; fileRef = 04823EA313A3AACD0072B3F6 /* ofxSimpleGuiComboBox.cpp */; };
		04823EDE13A3AACD0072B3F6 /* ofxSimpleGuiContent.cpp in Sources */ = {isa = PBXBuildFile; fileRef = 04823EA513A3AACD0072B3F6 /* ofxSimpleGuiContent.cpp */; };
		04823EDF13A3AACD0072B3F6 /* ofxSimpleGuiFPSCounter.cpp in Sources */ = {isa = PBXBuildFile; fileRef = 04823EA713A3AACD0072B3F6 /* ofxSimpleGuiFPSCounter.cpp */; };
		04823EE013A3AACD0072B3F6 /* ofxSimpleGuiMovieSlider.cpp in Sources */ = {isa = PBXBuildFile; fileRef = 04823EA913A3AACD0072B3F6 /* ofxSimpleGuiMovieSlider.cpp */; };
		04823EE113A3AACD0072B3F6 /* ofxSimpleGuiQuadWarp.cpp in Sources */ = {isa = PBXBuildFile; fileRef = 04823EAB13A3AACD0072B3F6 /* ofxSimpleGuiQuadWarp.cpp */; };
		04823EE213A3AACD0072B3F6 /* ofxSimpleGuiSlider2d.cpp in Sources */ = {isa = PBXBuildFile; fileRef = 04823EAD13A3AACD0072B3F6 /* ofxSimpleGuiSlider2d.cpp */; };
		04823EE313A3AACD0072B3F6 /* ofxSimpleGuiTitle.cpp in Sources */ = {isa = PBXBuildFile; fileRef = 04823EB213A3AACD0072B3F6 /* ofxSimpleGuiTitle.cpp */; };
		04823EE413A3AACD0072B3F6 /* ofxSimpleGuiToggle.cpp in Sources */ = {isa = PBXBuildFile; fileRef = 04823EB413A3AACD0072B3F6 /* ofxSimpleGuiToggle.cpp */; };
		04823EE513A3AACD0072B3F6 /* ofxSimpleGuiConfig.cpp in Sources */ = {isa = PBXBuildFile; fileRef = 04823EB613A3AACD0072B3F6 /* ofxSimpleGuiConfig.cpp */; };
		04823EE613A3AACD0072B3F6 /* ofxSimpleGuiControl.cpp in Sources */ = {isa = PBXBuildFile; fileRef = 04823EB813A3AACD0072B3F6 /* ofxSimpleGuiControl.cpp */; };
		04823EE713A3AACD0072B3F6 /* ofxSimpleGuiPage.cpp in Sources */ = {isa = PBXBuildFile; fileRef = 04823EBB13A3AACD0072B3F6 /* ofxSimpleGuiPage.cpp */; };
		04823EE813A3AACD0072B3F6 /* ofxSimpleGuiToo.cpp in Sources */ = {isa = PBXBuildFile; fileRef = 04823EBD13A3AACD0072B3F6 /* ofxSimpleGuiToo.cpp */; };
		04823EE913A3AACD0072B3F6 /* ofxSimpleGuiValueControl.cpp in Sources */ = {isa = PBXBuildFile; fileRef = 04823EBF13A3AACD0072B3F6 /* ofxSimpleGuiValueControl.cpp */; };
		04823EEA13A3AACD0072B3F6 /* ofxSpeechRecognizer.cpp in Sources */ = {isa = PBXBuildFile; fileRef = 04823ECB13A3AACD0072B3F6 /* ofxSpeechRecognizer.cpp */; };
		04823EEB13A3AACD0072B3F6 /* ofxSpeechSynthesizer.cpp in Sources */ = {isa = PBXBuildFile; fileRef = 04823ECD13A3AACD0072B3F6 /* ofxSpeechSynthesizer.cpp */; };
		04823EFE13A3AB0E0072B3F6 /* ofxMatrix3x3.cpp in Sources */ = {isa = PBXBuildFile; fileRef = 04823EF113A3AB0E0072B3F6 /* ofxMatrix3x3.cpp */; };
		04823EFF13A3AB0E0072B3F6 /* ofxMatrix4x4.cpp in Sources */ = {isa = PBXBuildFile; fileRef = 04823EF313A3AB0E0072B3F6 /* ofxMatrix4x4.cpp */; };
		04823F0013A3AB0E0072B3F6 /* ofxQuaternion.cpp in Sources */ = {isa = PBXBuildFile; fileRef = 04823EF813A3AB0E0072B3F6 /* ofxQuaternion.cpp */; };
		DD41B81B13A40F7000D3E5E3 /* ofxTCPClient.cpp in Sources */ = {isa = PBXBuildFile; fileRef = DD41B81313A40F7000D3E5E3 /* ofxTCPClient.cpp */; };
		DD41B81C13A40F7000D3E5E3 /* ofxTCPManager.cpp in Sources */ = {isa = PBXBuildFile; fileRef = DD41B81513A40F7000D3E5E3 /* ofxTCPManager.cpp */; };
		DD41B81D13A40F7000D3E5E3 /* ofxTCPServer.cpp in Sources */ = {isa = PBXBuildFile; fileRef = DD41B81713A40F7000D3E5E3 /* ofxTCPServer.cpp */; };
		DD41B81E13A40F7000D3E5E3 /* ofxUDPManager.cpp in Sources */ = {isa = PBXBuildFile; fileRef = DD41B81913A40F7000D3E5E3 /* ofxUDPManager.cpp */; };
		DD41B82613A40FC100D3E5E3 /* ofxThread.cpp in Sources */ = {isa = PBXBuildFile; fileRef = DD41B82413A40FC100D3E5E3 /* ofxThread.cpp */; };
		DD98EF6513A3B0A30093BAAE /* network.cpp in Sources */ = {isa = PBXBuildFile; fileRef = DD98EF6313A3B0A30093BAAE /* network.cpp */; };
		DDE006F413A5218C0003825C /* filesaver.cpp in Sources */ = {isa = PBXBuildFile; fileRef = DDE006F313A5218C0003825C /* filesaver.cpp */; };
		E45BE0AA0E8CC67C009D7055 /* GLee.a in Frameworks */ = {isa = PBXBuildFile; fileRef = E45BE0A90E8CC67C009D7055 /* GLee.a */; };
		E45BE2E40E8CC69C009D7055 /* rtAudio.a in Frameworks */ = {isa = PBXBuildFile; fileRef = E45BE2E30E8CC69C009D7055 /* rtAudio.a */; };
		E45BE97B0E8CC7DD009D7055 /* AGL.framework in Frameworks */ = {isa = PBXBuildFile; fileRef = E45BE9710E8CC7DD009D7055 /* AGL.framework */; };
		E45BE97C0E8CC7DD009D7055 /* ApplicationServices.framework in Frameworks */ = {isa = PBXBuildFile; fileRef = E45BE9720E8CC7DD009D7055 /* ApplicationServices.framework */; };
		E45BE97D0E8CC7DD009D7055 /* AudioToolbox.framework in Frameworks */ = {isa = PBXBuildFile; fileRef = E45BE9730E8CC7DD009D7055 /* AudioToolbox.framework */; };
		E45BE97E0E8CC7DD009D7055 /* Carbon.framework in Frameworks */ = {isa = PBXBuildFile; fileRef = E45BE9740E8CC7DD009D7055 /* Carbon.framework */; };
		E45BE97F0E8CC7DD009D7055 /* CoreAudio.framework in Frameworks */ = {isa = PBXBuildFile; fileRef = E45BE9750E8CC7DD009D7055 /* CoreAudio.framework */; };
		E45BE9800E8CC7DD009D7055 /* CoreFoundation.framework in Frameworks */ = {isa = PBXBuildFile; fileRef = E45BE9760E8CC7DD009D7055 /* CoreFoundation.framework */; };
		E45BE9810E8CC7DD009D7055 /* CoreServices.framework in Frameworks */ = {isa = PBXBuildFile; fileRef = E45BE9770E8CC7DD009D7055 /* CoreServices.framework */; };
		E45BE9830E8CC7DD009D7055 /* OpenGL.framework in Frameworks */ = {isa = PBXBuildFile; fileRef = E45BE9790E8CC7DD009D7055 /* OpenGL.framework */; };
		E45BE9840E8CC7DD009D7055 /* QuickTime.framework in Frameworks */ = {isa = PBXBuildFile; fileRef = E45BE97A0E8CC7DD009D7055 /* QuickTime.framework */; };
		E4C2422B10CC554B004149E2 /* openFrameworksDebug.a in Frameworks */ = {isa = PBXBuildFile; fileRef = E4C2421E10CC549C004149E2 /* openFrameworksDebug.a */; };
		E4C2424710CC5A17004149E2 /* AppKit.framework in Frameworks */ = {isa = PBXBuildFile; fileRef = E4C2424410CC5A17004149E2 /* AppKit.framework */; };
		E4C2424810CC5A17004149E2 /* Cocoa.framework in Frameworks */ = {isa = PBXBuildFile; fileRef = E4C2424510CC5A17004149E2 /* Cocoa.framework */; };
		E4C2424910CC5A17004149E2 /* IOKit.framework in Frameworks */ = {isa = PBXBuildFile; fileRef = E4C2424610CC5A17004149E2 /* IOKit.framework */; };
		E4C2426610CC5A78004149E2 /* GLUT.framework in Frameworks */ = {isa = PBXBuildFile; fileRef = E4C2425F10CC5A78004149E2 /* GLUT.framework */; };
		E4C2426B10CC5AA6004149E2 /* GLUT.framework in CopyFiles */ = {isa = PBXBuildFile; fileRef = E4C2425F10CC5A78004149E2 /* GLUT.framework */; };
		E4C2427F10CC5B66004149E2 /* CppUnit.a in Frameworks */ = {isa = PBXBuildFile; fileRef = E4C2427A10CC5B66004149E2 /* CppUnit.a */; };
		E4C2428010CC5B66004149E2 /* PocoFoundation.a in Frameworks */ = {isa = PBXBuildFile; fileRef = E4C2427B10CC5B66004149E2 /* PocoFoundation.a */; };
		E4C2428110CC5B66004149E2 /* PocoNet.a in Frameworks */ = {isa = PBXBuildFile; fileRef = E4C2427C10CC5B66004149E2 /* PocoNet.a */; };
		E4C2428210CC5B66004149E2 /* PocoUtil.a in Frameworks */ = {isa = PBXBuildFile; fileRef = E4C2427D10CC5B66004149E2 /* PocoUtil.a */; };
		E4C2428310CC5B66004149E2 /* PocoXML.a in Frameworks */ = {isa = PBXBuildFile; fileRef = E4C2427E10CC5B66004149E2 /* PocoXML.a */; };
		E4C2429410CC5C38004149E2 /* freetype.a in Frameworks */ = {isa = PBXBuildFile; fileRef = E4C2429310CC5C38004149E2 /* freetype.a */; };
		E4C242CD10CC650E004149E2 /* libfmodex.dylib in Frameworks */ = {isa = PBXBuildFile; fileRef = E4C242CC10CC650E004149E2 /* libfmodex.dylib */; };
		E4C2443910CC7693004149E2 /* openFrameworks-Info.plist in CopyFiles */ = {isa = PBXBuildFile; fileRef = E4B6FCAD0C3E899E008CF71C /* openFrameworks-Info.plist */; };
		E4C246DA10CCAE22004149E2 /* freeimage.a in Frameworks */ = {isa = PBXBuildFile; fileRef = E4C246D910CCAE22004149E2 /* freeimage.a */; };
/* End PBXBuildFile section */

/* Begin PBXContainerItemProxy section */
		E4C2421D10CC549C004149E2 /* PBXContainerItemProxy */ = {
			isa = PBXContainerItemProxy;
			containerPortal = E4C2421610CC549C004149E2 /* openFrameworksLib.xcodeproj */;
			proxyType = 2;
			remoteGlobalIDString = E4B27C1510CBEB8E00536013;
			remoteInfo = openFrameworks;
		};
		E4C2422710CC54DA004149E2 /* PBXContainerItemProxy */ = {
			isa = PBXContainerItemProxy;
			containerPortal = E4C2421610CC549C004149E2 /* openFrameworksLib.xcodeproj */;
			proxyType = 1;
			remoteGlobalIDString = E4B27C1410CBEB8E00536013;
			remoteInfo = openFrameworks;
		};
/* End PBXContainerItemProxy section */

/* Begin PBXCopyFilesBuildPhase section */
		E4C2427710CC5ABF004149E2 /* CopyFiles */ = {
			isa = PBXCopyFilesBuildPhase;
			buildActionMask = 2147483647;
			dstPath = "";
			dstSubfolderSpec = 10;
			files = (
				E4C2426B10CC5AA6004149E2 /* GLUT.framework in CopyFiles */,
			);
			runOnlyForDeploymentPostprocessing = 0;
		};
		E4C2444710CC769B004149E2 /* CopyFiles */ = {
			isa = PBXCopyFilesBuildPhase;
			buildActionMask = 2147483647;
			dstPath = "";
			dstSubfolderSpec = 7;
			files = (
				E4C2443910CC7693004149E2 /* openFrameworks-Info.plist in CopyFiles */,
			);
			runOnlyForDeploymentPostprocessing = 0;
		};
/* End PBXCopyFilesBuildPhase section */

/* Begin PBXFileReference section */
		046EE4E413A3B404004A2B13 /* install.xml */ = {isa = PBXFileReference; fileEncoding = 4; lastKnownFileType = text.xml; name = install.xml; path = ../../../addons/ofxOsc/install.xml; sourceTree = SOURCE_ROOT; };
		046EE4E913A3B404004A2B13 /* IpEndpointName.h */ = {isa = PBXFileReference; fileEncoding = 4; lastKnownFileType = sourcecode.c.h; name = IpEndpointName.h; path = ../../../addons/ofxOsc/libs/oscpack/include/ip/IpEndpointName.h; sourceTree = SOURCE_ROOT; };
		046EE4EA13A3B404004A2B13 /* NetworkingUtils.h */ = {isa = PBXFileReference; fileEncoding = 4; lastKnownFileType = sourcecode.c.h; name = NetworkingUtils.h; path = ../../../addons/ofxOsc/libs/oscpack/include/ip/NetworkingUtils.h; sourceTree = SOURCE_ROOT; };
		046EE4EB13A3B404004A2B13 /* PacketListener.h */ = {isa = PBXFileReference; fileEncoding = 4; lastKnownFileType = sourcecode.c.h; name = PacketListener.h; path = ../../../addons/ofxOsc/libs/oscpack/include/ip/PacketListener.h; sourceTree = SOURCE_ROOT; };
		046EE4EC13A3B404004A2B13 /* TimerListener.h */ = {isa = PBXFileReference; fileEncoding = 4; lastKnownFileType = sourcecode.c.h; name = TimerListener.h; path = ../../../addons/ofxOsc/libs/oscpack/include/ip/TimerListener.h; sourceTree = SOURCE_ROOT; };
		046EE4ED13A3B404004A2B13 /* UdpSocket.h */ = {isa = PBXFileReference; fileEncoding = 4; lastKnownFileType = sourcecode.c.h; name = UdpSocket.h; path = ../../../addons/ofxOsc/libs/oscpack/include/ip/UdpSocket.h; sourceTree = SOURCE_ROOT; };
		046EE4EF13A3B404004A2B13 /* MessageMappingOscPacketListener.h */ = {isa = PBXFileReference; fileEncoding = 4; lastKnownFileType = sourcecode.c.h; name = MessageMappingOscPacketListener.h; path = ../../../addons/ofxOsc/libs/oscpack/include/osc/MessageMappingOscPacketListener.h; sourceTree = SOURCE_ROOT; };
		046EE4F013A3B404004A2B13 /* OscException.h */ = {isa = PBXFileReference; fileEncoding = 4; lastKnownFileType = sourcecode.c.h; name = OscException.h; path = ../../../addons/ofxOsc/libs/oscpack/include/osc/OscException.h; sourceTree = SOURCE_ROOT; };
		046EE4F113A3B404004A2B13 /* OscHostEndianness.h */ = {isa = PBXFileReference; fileEncoding = 4; lastKnownFileType = sourcecode.c.h; name = OscHostEndianness.h; path = ../../../addons/ofxOsc/libs/oscpack/include/osc/OscHostEndianness.h; sourceTree = SOURCE_ROOT; };
		046EE4F213A3B404004A2B13 /* OscOutboundPacketStream.h */ = {isa = PBXFileReference; fileEncoding = 4; lastKnownFileType = sourcecode.c.h; name = OscOutboundPacketStream.h; path = ../../../addons/ofxOsc/libs/oscpack/include/osc/OscOutboundPacketStream.h; sourceTree = SOURCE_ROOT; };
		046EE4F313A3B404004A2B13 /* OscPacketListener.h */ = {isa = PBXFileReference; fileEncoding = 4; lastKnownFileType = sourcecode.c.h; name = OscPacketListener.h; path = ../../../addons/ofxOsc/libs/oscpack/include/osc/OscPacketListener.h; sourceTree = SOURCE_ROOT; };
		046EE4F413A3B404004A2B13 /* OscPrintReceivedElements.h */ = {isa = PBXFileReference; fileEncoding = 4; lastKnownFileType = sourcecode.c.h; name = OscPrintReceivedElements.h; path = ../../../addons/ofxOsc/libs/oscpack/include/osc/OscPrintReceivedElements.h; sourceTree = SOURCE_ROOT; };
		046EE4F513A3B404004A2B13 /* OscReceivedElements.h */ = {isa = PBXFileReference; fileEncoding = 4; lastKnownFileType = sourcecode.c.h; name = OscReceivedElements.h; path = ../../../addons/ofxOsc/libs/oscpack/include/osc/OscReceivedElements.h; sourceTree = SOURCE_ROOT; };
		046EE4F613A3B404004A2B13 /* OscTypes.h */ = {isa = PBXFileReference; fileEncoding = 4; lastKnownFileType = sourcecode.c.h; name = OscTypes.h; path = ../../../addons/ofxOsc/libs/oscpack/include/osc/OscTypes.h; sourceTree = SOURCE_ROOT; };
		046EE4F913A3B404004A2B13 /* osc.a */ = {isa = PBXFileReference; lastKnownFileType = archive.ar; name = osc.a; path = ../../../addons/ofxOsc/libs/oscpack/lib/osx/osc.a; sourceTree = SOURCE_ROOT; };
		046EE4FB13A3B404004A2B13 /* ofxOsc.h */ = {isa = PBXFileReference; fileEncoding = 4; lastKnownFileType = sourcecode.c.h; name = ofxOsc.h; path = ../../../addons/ofxOsc/src/ofxOsc.h; sourceTree = SOURCE_ROOT; };
		046EE4FC13A3B404004A2B13 /* ofxOscArg.h */ = {isa = PBXFileReference; fileEncoding = 4; lastKnownFileType = sourcecode.c.h; name = ofxOscArg.h; path = ../../../addons/ofxOsc/src/ofxOscArg.h; sourceTree = SOURCE_ROOT; };
		046EE4FD13A3B404004A2B13 /* ofxOscBundle.cpp */ = {isa = PBXFileReference; fileEncoding = 4; lastKnownFileType = sourcecode.cpp.cpp; name = ofxOscBundle.cpp; path = ../../../addons/ofxOsc/src/ofxOscBundle.cpp; sourceTree = SOURCE_ROOT; };
		046EE4FE13A3B404004A2B13 /* ofxOscBundle.h */ = {isa = PBXFileReference; fileEncoding = 4; lastKnownFileType = sourcecode.c.h; name = ofxOscBundle.h; path = ../../../addons/ofxOsc/src/ofxOscBundle.h; sourceTree = SOURCE_ROOT; };
		046EE4FF13A3B404004A2B13 /* ofxOscMessage.cpp */ = {isa = PBXFileReference; fileEncoding = 4; lastKnownFileType = sourcecode.cpp.cpp; name = ofxOscMessage.cpp; path = ../../../addons/ofxOsc/src/ofxOscMessage.cpp; sourceTree = SOURCE_ROOT; };
		046EE50013A3B404004A2B13 /* ofxOscMessage.h */ = {isa = PBXFileReference; fileEncoding = 4; lastKnownFileType = sourcecode.c.h; name = ofxOscMessage.h; path = ../../../addons/ofxOsc/src/ofxOscMessage.h; sourceTree = SOURCE_ROOT; };
		046EE50113A3B404004A2B13 /* ofxOscReceiver.cpp */ = {isa = PBXFileReference; fileEncoding = 4; lastKnownFileType = sourcecode.cpp.cpp; name = ofxOscReceiver.cpp; path = ../../../addons/ofxOsc/src/ofxOscReceiver.cpp; sourceTree = SOURCE_ROOT; };
		046EE50213A3B404004A2B13 /* ofxOscReceiver.h */ = {isa = PBXFileReference; fileEncoding = 4; lastKnownFileType = sourcecode.c.h; name = ofxOscReceiver.h; path = ../../../addons/ofxOsc/src/ofxOscReceiver.h; sourceTree = SOURCE_ROOT; };
		046EE50313A3B404004A2B13 /* ofxOscSender.cpp */ = {isa = PBXFileReference; fileEncoding = 4; lastKnownFileType = sourcecode.cpp.cpp; name = ofxOscSender.cpp; path = ../../../addons/ofxOsc/src/ofxOscSender.cpp; sourceTree = SOURCE_ROOT; };
		046EE50413A3B404004A2B13 /* ofxOscSender.h */ = {isa = PBXFileReference; fileEncoding = 4; lastKnownFileType = sourcecode.c.h; name = ofxOscSender.h; path = ../../../addons/ofxOsc/src/ofxOscSender.h; sourceTree = SOURCE_ROOT; };
		04823D4613A3A6A80072B3F6 /* gui.cpp */ = {isa = PBXFileReference; fileEncoding = 4; lastKnownFileType = sourcecode.cpp.cpp; name = gui.cpp; path = src/gui.cpp; sourceTree = SOURCE_ROOT; };
		04823D4713A3A6A80072B3F6 /* gui.h */ = {isa = PBXFileReference; fileEncoding = 4; lastKnownFileType = sourcecode.c.h; name = gui.h; path = src/gui.h; sourceTree = SOURCE_ROOT; };
		04823D4813A3A6A80072B3F6 /* main.cpp */ = {isa = PBXFileReference; fileEncoding = 4; lastKnownFileType = sourcecode.cpp.cpp; name = main.cpp; path = src/main.cpp; sourceTree = SOURCE_ROOT; };
		04823D4913A3A6A80072B3F6 /* synth.cpp */ = {isa = PBXFileReference; fileEncoding = 4; lastKnownFileType = sourcecode.cpp.cpp; name = synth.cpp; path = src/synth.cpp; sourceTree = SOURCE_ROOT; };
		04823D4A13A3A6A80072B3F6 /* synth.h */ = {isa = PBXFileReference; fileEncoding = 4; lastKnownFileType = sourcecode.c.h; name = synth.h; path = src/synth.h; sourceTree = SOURCE_ROOT; };
		04823D4B13A3A6A80072B3F6 /* testApp.cpp */ = {isa = PBXFileReference; fileEncoding = 4; lastKnownFileType = sourcecode.cpp.cpp; path = testApp.cpp; sourceTree = "<group>"; };
		04823D4C13A3A6A80072B3F6 /* testApp.h */ = {isa = PBXFileReference; fileEncoding = 4; lastKnownFileType = sourcecode.c.h; path = testApp.h; sourceTree = "<group>"; };
		04823E1A13A3A8830072B3F6 /* analyzer.h */ = {isa = PBXFileReference; fileEncoding = 4; lastKnownFileType = sourcecode.c.h; path = analyzer.h; sourceTree = "<group>"; };
		04823E1B13A3A8830072B3F6 /* analyzer.cpp */ = {isa = PBXFileReference; fileEncoding = 4; lastKnownFileType = sourcecode.cpp.cpp; path = analyzer.cpp; sourceTree = "<group>"; };
		04823E2213A3AA930072B3F6 /* install.xml */ = {isa = PBXFileReference; fileEncoding = 4; lastKnownFileType = text.xml; name = install.xml; path = ../../../addons/ofxXmlSettings/install.xml; sourceTree = SOURCE_ROOT; };
		04823E2413A3AA930072B3F6 /* tinyxml.cpp */ = {isa = PBXFileReference; fileEncoding = 4; lastKnownFileType = sourcecode.cpp.cpp; name = tinyxml.cpp; path = ../../../addons/ofxXmlSettings/libs/tinyxml.cpp; sourceTree = SOURCE_ROOT; };
		04823E2513A3AA930072B3F6 /* tinyxml.h */ = {isa = PBXFileReference; fileEncoding = 4; lastKnownFileType = sourcecode.c.h; name = tinyxml.h; path = ../../../addons/ofxXmlSettings/libs/tinyxml.h; sourceTree = SOURCE_ROOT; };
		04823E2613A3AA930072B3F6 /* tinyxmlerror.cpp */ = {isa = PBXFileReference; fileEncoding = 4; lastKnownFileType = sourcecode.cpp.cpp; name = tinyxmlerror.cpp; path = ../../../addons/ofxXmlSettings/libs/tinyxmlerror.cpp; sourceTree = SOURCE_ROOT; };
		04823E2713A3AA930072B3F6 /* tinyxmlparser.cpp */ = {isa = PBXFileReference; fileEncoding = 4; lastKnownFileType = sourcecode.cpp.cpp; name = tinyxmlparser.cpp; path = ../../../addons/ofxXmlSettings/libs/tinyxmlparser.cpp; sourceTree = SOURCE_ROOT; };
		04823E2913A3AA930072B3F6 /* ofxXmlSettings.cpp */ = {isa = PBXFileReference; fileEncoding = 4; lastKnownFileType = sourcecode.cpp.cpp; name = ofxXmlSettings.cpp; path = ../../../addons/ofxXmlSettings/src/ofxXmlSettings.cpp; sourceTree = SOURCE_ROOT; };
		04823E2A13A3AA930072B3F6 /* ofxXmlSettings.h */ = {isa = PBXFileReference; fileEncoding = 4; lastKnownFileType = sourcecode.c.h; name = ofxXmlSettings.h; path = ../../../addons/ofxXmlSettings/src/ofxXmlSettings.h; sourceTree = SOURCE_ROOT; };
		04823E3013A3AACD0072B3F6 /* install.xml */ = {isa = PBXFileReference; fileEncoding = 4; lastKnownFileType = text.xml; name = install.xml; path = addons/MSACore/install.xml; sourceTree = SOURCE_ROOT; };
		04823E3313A3AACD0072B3F6 /* ChanTraits.h */ = {isa = PBXFileReference; fileEncoding = 4; lastKnownFileType = sourcecode.c.h; name = ChanTraits.h; path = "addons/MSACore/src/cinder-lite/ChanTraits.h"; sourceTree = SOURCE_ROOT; };
		04823E3413A3AACD0072B3F6 /* CinderMath.h */ = {isa = PBXFileReference; fileEncoding = 4; lastKnownFileType = sourcecode.c.h; name = CinderMath.h; path = "addons/MSACore/src/cinder-lite/CinderMath.h"; sourceTree = SOURCE_ROOT; };
		04823E3513A3AACD0072B3F6 /* Color.cpp */ = {isa = PBXFileReference; fileEncoding = 4; lastKnownFileType = sourcecode.cpp.cpp; name = Color.cpp; path = "addons/MSACore/src/cinder-lite/Color.cpp"; sourceTree = SOURCE_ROOT; };
		04823E3613A3AACD0072B3F6 /* Color.h */ = {isa = PBXFileReference; fileEncoding = 4; lastKnownFileType = sourcecode.c.h; name = Color.h; path = "addons/MSACore/src/cinder-lite/Color.h"; sourceTree = SOURCE_ROOT; };
		04823E3713A3AACD0072B3F6 /* Vector.h */ = {isa = PBXFileReference; fileEncoding = 4; lastKnownFileType = sourcecode.c.h; name = Vector.h; path = "addons/MSACore/src/cinder-lite/Vector.h"; sourceTree = SOURCE_ROOT; };
		04823E3813A3AACD0072B3F6 /* MSACore-Cinder.h */ = {isa = PBXFileReference; fileEncoding = 4; lastKnownFileType = sourcecode.c.h; name = "MSACore-Cinder.h"; path = "addons/MSACore/src/MSACore-Cinder.h"; sourceTree = SOURCE_ROOT; };
		04823E3913A3AACD0072B3F6 /* MSACore-OF.h */ = {isa = PBXFileReference; fileEncoding = 4; lastKnownFileType = sourcecode.c.h; name = "MSACore-OF.h"; path = "addons/MSACore/src/MSACore-OF.h"; sourceTree = SOURCE_ROOT; };
		04823E3A13A3AACD0072B3F6 /* MSACore.h */ = {isa = PBXFileReference; fileEncoding = 4; lastKnownFileType = sourcecode.c.h; name = MSACore.h; path = addons/MSACore/src/MSACore.h; sourceTree = SOURCE_ROOT; };
		04823E3B13A3AACD0072B3F6 /* MSACoreCommon.h */ = {isa = PBXFileReference; fileEncoding = 4; lastKnownFileType = sourcecode.c.h; name = MSACoreCommon.h; path = addons/MSACore/src/MSACoreCommon.h; sourceTree = SOURCE_ROOT; };
		04823E3C13A3AACD0072B3F6 /* MSACoreGL.cpp */ = {isa = PBXFileReference; fileEncoding = 4; lastKnownFileType = sourcecode.cpp.cpp; name = MSACoreGL.cpp; path = addons/MSACore/src/MSACoreGL.cpp; sourceTree = SOURCE_ROOT; };
		04823E3D13A3AACD0072B3F6 /* MSACoreGL.h */ = {isa = PBXFileReference; fileEncoding = 4; lastKnownFileType = sourcecode.c.h; name = MSACoreGL.h; path = addons/MSACore/src/MSACoreGL.h; sourceTree = SOURCE_ROOT; };
		04823E3E13A3AACD0072B3F6 /* MSACoreMath.h */ = {isa = PBXFileReference; fileEncoding = 4; lastKnownFileType = sourcecode.c.h; name = MSACoreMath.h; path = addons/MSACore/src/MSACoreMath.h; sourceTree = SOURCE_ROOT; };
		04823E9313A3AACD0072B3F6 /* changelog.txt */ = {isa = PBXFileReference; fileEncoding = 4; lastKnownFileType = text; name = changelog.txt; path = addons/ofxMSAInteractiveObject/changelog.txt; sourceTree = SOURCE_ROOT; };
		04823E9413A3AACD0072B3F6 /* install.xml */ = {isa = PBXFileReference; fileEncoding = 4; lastKnownFileType = text.xml; name = install.xml; path = addons/ofxMSAInteractiveObject/install.xml; sourceTree = SOURCE_ROOT; };
		04823E9513A3AACD0072B3F6 /* LICENSE.txt */ = {isa = PBXFileReference; fileEncoding = 4; lastKnownFileType = text; name = LICENSE.txt; path = addons/ofxMSAInteractiveObject/LICENSE.txt; sourceTree = SOURCE_ROOT; };
		04823E9713A3AACD0072B3F6 /* ofxMSAInteractiveObject.cpp */ = {isa = PBXFileReference; fileEncoding = 4; lastKnownFileType = sourcecode.cpp.cpp; name = ofxMSAInteractiveObject.cpp; path = addons/ofxMSAInteractiveObject/src/ofxMSAInteractiveObject.cpp; sourceTree = SOURCE_ROOT; };
		04823E9813A3AACD0072B3F6 /* ofxMSAInteractiveObject.h */ = {isa = PBXFileReference; fileEncoding = 4; lastKnownFileType = sourcecode.c.h; name = ofxMSAInteractiveObject.h; path = addons/ofxMSAInteractiveObject/src/ofxMSAInteractiveObject.h; sourceTree = SOURCE_ROOT; };
		04823E9A13A3AACD0072B3F6 /* changelog.txt */ = {isa = PBXFileReference; fileEncoding = 4; lastKnownFileType = text; name = changelog.txt; path = addons/ofxSimpleGuiToo/changelog.txt; sourceTree = SOURCE_ROOT; };
		04823E9B13A3AACD0072B3F6 /* install.xml */ = {isa = PBXFileReference; fileEncoding = 4; lastKnownFileType = text.xml; name = install.xml; path = addons/ofxSimpleGuiToo/install.xml; sourceTree = SOURCE_ROOT; };
		04823E9C13A3AACD0072B3F6 /* LICENSE.txt */ = {isa = PBXFileReference; fileEncoding = 4; lastKnownFileType = text; name = LICENSE.txt; path = addons/ofxSimpleGuiToo/LICENSE.txt; sourceTree = SOURCE_ROOT; };
		04823E9F13A3AACD0072B3F6 /* ofxSimpleGuiButton.cpp */ = {isa = PBXFileReference; fileEncoding = 4; lastKnownFileType = sourcecode.cpp.cpp; name = ofxSimpleGuiButton.cpp; path = addons/ofxSimpleGuiToo/src/Controls/ofxSimpleGuiButton.cpp; sourceTree = SOURCE_ROOT; };
		04823EA013A3AACD0072B3F6 /* ofxSimpleGuiButton.h */ = {isa = PBXFileReference; fileEncoding = 4; lastKnownFileType = sourcecode.c.h; name = ofxSimpleGuiButton.h; path = addons/ofxSimpleGuiToo/src/Controls/ofxSimpleGuiButton.h; sourceTree = SOURCE_ROOT; };
		04823EA113A3AACD0072B3F6 /* ofxSimpleGuiColorPicker.cpp */ = {isa = PBXFileReference; fileEncoding = 4; lastKnownFileType = sourcecode.cpp.cpp; name = ofxSimpleGuiColorPicker.cpp; path = addons/ofxSimpleGuiToo/src/Controls/ofxSimpleGuiColorPicker.cpp; sourceTree = SOURCE_ROOT; };
		04823EA213A3AACD0072B3F6 /* ofxSimpleGuiColorPicker.h */ = {isa = PBXFileReference; fileEncoding = 4; lastKnownFileType = sourcecode.c.h; name = ofxSimpleGuiColorPicker.h; path = addons/ofxSimpleGuiToo/src/Controls/ofxSimpleGuiColorPicker.h; sourceTree = SOURCE_ROOT; };
		04823EA313A3AACD0072B3F6 /* ofxSimpleGuiComboBox.cpp */ = {isa = PBXFileReference; fileEncoding = 4; lastKnownFileType = sourcecode.cpp.cpp; name = ofxSimpleGuiComboBox.cpp; path = addons/ofxSimpleGuiToo/src/Controls/ofxSimpleGuiComboBox.cpp; sourceTree = SOURCE_ROOT; };
		04823EA413A3AACD0072B3F6 /* ofxSimpleGuiComboBox.h */ = {isa = PBXFileReference; fileEncoding = 4; lastKnownFileType = sourcecode.c.h; name = ofxSimpleGuiComboBox.h; path = addons/ofxSimpleGuiToo/src/Controls/ofxSimpleGuiComboBox.h; sourceTree = SOURCE_ROOT; };
		04823EA513A3AACD0072B3F6 /* ofxSimpleGuiContent.cpp */ = {isa = PBXFileReference; fileEncoding = 4; lastKnownFileType = sourcecode.cpp.cpp; name = ofxSimpleGuiContent.cpp; path = addons/ofxSimpleGuiToo/src/Controls/ofxSimpleGuiContent.cpp; sourceTree = SOURCE_ROOT; };
		04823EA613A3AACD0072B3F6 /* ofxSimpleGuiContent.h */ = {isa = PBXFileReference; fileEncoding = 4; lastKnownFileType = sourcecode.c.h; name = ofxSimpleGuiContent.h; path = addons/ofxSimpleGuiToo/src/Controls/ofxSimpleGuiContent.h; sourceTree = SOURCE_ROOT; };
		04823EA713A3AACD0072B3F6 /* ofxSimpleGuiFPSCounter.cpp */ = {isa = PBXFileReference; fileEncoding = 4; lastKnownFileType = sourcecode.cpp.cpp; name = ofxSimpleGuiFPSCounter.cpp; path = addons/ofxSimpleGuiToo/src/Controls/ofxSimpleGuiFPSCounter.cpp; sourceTree = SOURCE_ROOT; };
		04823EA813A3AACD0072B3F6 /* ofxSimpleGuiFPSCounter.h */ = {isa = PBXFileReference; fileEncoding = 4; lastKnownFileType = sourcecode.c.h; name = ofxSimpleGuiFPSCounter.h; path = addons/ofxSimpleGuiToo/src/Controls/ofxSimpleGuiFPSCounter.h; sourceTree = SOURCE_ROOT; };
		04823EA913A3AACD0072B3F6 /* ofxSimpleGuiMovieSlider.cpp */ = {isa = PBXFileReference; fileEncoding = 4; lastKnownFileType = sourcecode.cpp.cpp; name = ofxSimpleGuiMovieSlider.cpp; path = addons/ofxSimpleGuiToo/src/Controls/ofxSimpleGuiMovieSlider.cpp; sourceTree = SOURCE_ROOT; };
		04823EAA13A3AACD0072B3F6 /* ofxSimpleGuiMovieSlider.h */ = {isa = PBXFileReference; fileEncoding = 4; lastKnownFileType = sourcecode.c.h; name = ofxSimpleGuiMovieSlider.h; path = addons/ofxSimpleGuiToo/src/Controls/ofxSimpleGuiMovieSlider.h; sourceTree = SOURCE_ROOT; };
		04823EAB13A3AACD0072B3F6 /* ofxSimpleGuiQuadWarp.cpp */ = {isa = PBXFileReference; fileEncoding = 4; lastKnownFileType = sourcecode.cpp.cpp; name = ofxSimpleGuiQuadWarp.cpp; path = addons/ofxSimpleGuiToo/src/Controls/ofxSimpleGuiQuadWarp.cpp; sourceTree = SOURCE_ROOT; };
		04823EAC13A3AACD0072B3F6 /* ofxSimpleGuiQuadWarp.h */ = {isa = PBXFileReference; fileEncoding = 4; lastKnownFileType = sourcecode.c.h; name = ofxSimpleGuiQuadWarp.h; path = addons/ofxSimpleGuiToo/src/Controls/ofxSimpleGuiQuadWarp.h; sourceTree = SOURCE_ROOT; };
		04823EAD13A3AACD0072B3F6 /* ofxSimpleGuiSlider2d.cpp */ = {isa = PBXFileReference; fileEncoding = 4; lastKnownFileType = sourcecode.cpp.cpp; name = ofxSimpleGuiSlider2d.cpp; path = addons/ofxSimpleGuiToo/src/Controls/ofxSimpleGuiSlider2d.cpp; sourceTree = SOURCE_ROOT; };
		04823EAE13A3AACD0072B3F6 /* ofxSimpleGuiSlider2d.h */ = {isa = PBXFileReference; fileEncoding = 4; lastKnownFileType = sourcecode.c.h; name = ofxSimpleGuiSlider2d.h; path = addons/ofxSimpleGuiToo/src/Controls/ofxSimpleGuiSlider2d.h; sourceTree = SOURCE_ROOT; };
		04823EAF13A3AACD0072B3F6 /* ofxSimpleGuiSliderBase.h */ = {isa = PBXFileReference; fileEncoding = 4; lastKnownFileType = sourcecode.c.h; name = ofxSimpleGuiSliderBase.h; path = addons/ofxSimpleGuiToo/src/Controls/ofxSimpleGuiSliderBase.h; sourceTree = SOURCE_ROOT; };
		04823EB013A3AACD0072B3F6 /* ofxSimpleGuiSliderFloat.h */ = {isa = PBXFileReference; fileEncoding = 4; lastKnownFileType = sourcecode.c.h; name = ofxSimpleGuiSliderFloat.h; path = addons/ofxSimpleGuiToo/src/Controls/ofxSimpleGuiSliderFloat.h; sourceTree = SOURCE_ROOT; };
		04823EB113A3AACD0072B3F6 /* ofxSimpleGuiSliderInt.h */ = {isa = PBXFileReference; fileEncoding = 4; lastKnownFileType = sourcecode.c.h; name = ofxSimpleGuiSliderInt.h; path = addons/ofxSimpleGuiToo/src/Controls/ofxSimpleGuiSliderInt.h; sourceTree = SOURCE_ROOT; };
		04823EB213A3AACD0072B3F6 /* ofxSimpleGuiTitle.cpp */ = {isa = PBXFileReference; fileEncoding = 4; lastKnownFileType = sourcecode.cpp.cpp; name = ofxSimpleGuiTitle.cpp; path = addons/ofxSimpleGuiToo/src/Controls/ofxSimpleGuiTitle.cpp; sourceTree = SOURCE_ROOT; };
		04823EB313A3AACD0072B3F6 /* ofxSimpleGuiTitle.h */ = {isa = PBXFileReference; fileEncoding = 4; lastKnownFileType = sourcecode.c.h; name = ofxSimpleGuiTitle.h; path = addons/ofxSimpleGuiToo/src/Controls/ofxSimpleGuiTitle.h; sourceTree = SOURCE_ROOT; };
		04823EB413A3AACD0072B3F6 /* ofxSimpleGuiToggle.cpp */ = {isa = PBXFileReference; fileEncoding = 4; lastKnownFileType = sourcecode.cpp.cpp; name = ofxSimpleGuiToggle.cpp; path = addons/ofxSimpleGuiToo/src/Controls/ofxSimpleGuiToggle.cpp; sourceTree = SOURCE_ROOT; };
		04823EB513A3AACD0072B3F6 /* ofxSimpleGuiToggle.h */ = {isa = PBXFileReference; fileEncoding = 4; lastKnownFileType = sourcecode.c.h; name = ofxSimpleGuiToggle.h; path = addons/ofxSimpleGuiToo/src/Controls/ofxSimpleGuiToggle.h; sourceTree = SOURCE_ROOT; };
		04823EB613A3AACD0072B3F6 /* ofxSimpleGuiConfig.cpp */ = {isa = PBXFileReference; fileEncoding = 4; lastKnownFileType = sourcecode.cpp.cpp; name = ofxSimpleGuiConfig.cpp; path = addons/ofxSimpleGuiToo/src/ofxSimpleGuiConfig.cpp; sourceTree = SOURCE_ROOT; };
		04823EB713A3AACD0072B3F6 /* ofxSimpleGuiConfig.h */ = {isa = PBXFileReference; fileEncoding = 4; lastKnownFileType = sourcecode.c.h; name = ofxSimpleGuiConfig.h; path = addons/ofxSimpleGuiToo/src/ofxSimpleGuiConfig.h; sourceTree = SOURCE_ROOT; };
		04823EB813A3AACD0072B3F6 /* ofxSimpleGuiControl.cpp */ = {isa = PBXFileReference; fileEncoding = 4; lastKnownFileType = sourcecode.cpp.cpp; name = ofxSimpleGuiControl.cpp; path = addons/ofxSimpleGuiToo/src/ofxSimpleGuiControl.cpp; sourceTree = SOURCE_ROOT; };
		04823EB913A3AACD0072B3F6 /* ofxSimpleGuiControl.h */ = {isa = PBXFileReference; fileEncoding = 4; lastKnownFileType = sourcecode.c.h; name = ofxSimpleGuiControl.h; path = addons/ofxSimpleGuiToo/src/ofxSimpleGuiControl.h; sourceTree = SOURCE_ROOT; };
		04823EBA13A3AACD0072B3F6 /* ofxSimpleGuiIncludes.h */ = {isa = PBXFileReference; fileEncoding = 4; lastKnownFileType = sourcecode.c.h; name = ofxSimpleGuiIncludes.h; path = addons/ofxSimpleGuiToo/src/ofxSimpleGuiIncludes.h; sourceTree = SOURCE_ROOT; };
		04823EBB13A3AACD0072B3F6 /* ofxSimpleGuiPage.cpp */ = {isa = PBXFileReference; fileEncoding = 4; lastKnownFileType = sourcecode.cpp.cpp; name = ofxSimpleGuiPage.cpp; path = addons/ofxSimpleGuiToo/src/ofxSimpleGuiPage.cpp; sourceTree = SOURCE_ROOT; };
		04823EBC13A3AACD0072B3F6 /* ofxSimpleGuiPage.h */ = {isa = PBXFileReference; fileEncoding = 4; lastKnownFileType = sourcecode.c.h; name = ofxSimpleGuiPage.h; path = addons/ofxSimpleGuiToo/src/ofxSimpleGuiPage.h; sourceTree = SOURCE_ROOT; };
		04823EBD13A3AACD0072B3F6 /* ofxSimpleGuiToo.cpp */ = {isa = PBXFileReference; fileEncoding = 4; lastKnownFileType = sourcecode.cpp.cpp; name = ofxSimpleGuiToo.cpp; path = addons/ofxSimpleGuiToo/src/ofxSimpleGuiToo.cpp; sourceTree = SOURCE_ROOT; };
		04823EBE13A3AACD0072B3F6 /* ofxSimpleGuiToo.h */ = {isa = PBXFileReference; fileEncoding = 4; lastKnownFileType = sourcecode.c.h; name = ofxSimpleGuiToo.h; path = addons/ofxSimpleGuiToo/src/ofxSimpleGuiToo.h; sourceTree = SOURCE_ROOT; };
		04823EBF13A3AACD0072B3F6 /* ofxSimpleGuiValueControl.cpp */ = {isa = PBXFileReference; fileEncoding = 4; lastKnownFileType = sourcecode.cpp.cpp; name = ofxSimpleGuiValueControl.cpp; path = addons/ofxSimpleGuiToo/src/ofxSimpleGuiValueControl.cpp; sourceTree = SOURCE_ROOT; };
		04823EC013A3AACD0072B3F6 /* ofxSimpleGuiValueControl.h */ = {isa = PBXFileReference; fileEncoding = 4; lastKnownFileType = sourcecode.c.h; name = ofxSimpleGuiValueControl.h; path = addons/ofxSimpleGuiToo/src/ofxSimpleGuiValueControl.h; sourceTree = SOURCE_ROOT; };
		04823EC213A3AACD0072B3F6 /* .gitattributes */ = {isa = PBXFileReference; fileEncoding = 4; lastKnownFileType = text; name = .gitattributes; path = addons/ofxSpeech/.gitattributes; sourceTree = SOURCE_ROOT; };
		04823EC313A3AACD0072B3F6 /* .gitignore */ = {isa = PBXFileReference; fileEncoding = 4; lastKnownFileType = text; name = .gitignore; path = addons/ofxSpeech/.gitignore; sourceTree = SOURCE_ROOT; };
		04823EC513A3AACD0072B3F6 /* instructions.txt */ = {isa = PBXFileReference; fileEncoding = 4; lastKnownFileType = text; name = instructions.txt; path = addons/ofxSpeech/doc/instructions.txt; sourceTree = SOURCE_ROOT; };
		04823EC613A3AACD0072B3F6 /* recognizer_usage.txt */ = {isa = PBXFileReference; fileEncoding = 4; lastKnownFileType = text; name = recognizer_usage.txt; path = addons/ofxSpeech/doc/recognizer_usage.txt; sourceTree = SOURCE_ROOT; };
		04823EC713A3AACD0072B3F6 /* synthesizer_usage.txt */ = {isa = PBXFileReference; fileEncoding = 4; lastKnownFileType = text; name = synthesizer_usage.txt; path = addons/ofxSpeech/doc/synthesizer_usage.txt; sourceTree = SOURCE_ROOT; };
		04823EC813A3AACD0072B3F6 /* install.xml */ = {isa = PBXFileReference; fileEncoding = 4; lastKnownFileType = text.xml; name = install.xml; path = addons/ofxSpeech/install.xml; sourceTree = SOURCE_ROOT; };
		04823ECA13A3AACD0072B3F6 /* ofxSpeech.h */ = {isa = PBXFileReference; fileEncoding = 4; lastKnownFileType = sourcecode.c.h; name = ofxSpeech.h; path = addons/ofxSpeech/src/ofxSpeech.h; sourceTree = SOURCE_ROOT; };
		04823ECB13A3AACD0072B3F6 /* ofxSpeechRecognizer.cpp */ = {isa = PBXFileReference; fileEncoding = 4; lastKnownFileType = sourcecode.cpp.cpp; name = ofxSpeechRecognizer.cpp; path = addons/ofxSpeech/src/ofxSpeechRecognizer.cpp; sourceTree = SOURCE_ROOT; };
		04823ECC13A3AACD0072B3F6 /* ofxSpeechRecognizer.h */ = {isa = PBXFileReference; fileEncoding = 4; lastKnownFileType = sourcecode.c.h; name = ofxSpeechRecognizer.h; path = addons/ofxSpeech/src/ofxSpeechRecognizer.h; sourceTree = SOURCE_ROOT; };
		04823ECD13A3AACD0072B3F6 /* ofxSpeechSynthesizer.cpp */ = {isa = PBXFileReference; fileEncoding = 4; lastKnownFileType = sourcecode.cpp.cpp; name = ofxSpeechSynthesizer.cpp; path = addons/ofxSpeech/src/ofxSpeechSynthesizer.cpp; sourceTree = SOURCE_ROOT; };
		04823ECE13A3AACD0072B3F6 /* ofxSpeechSynthesizer.h */ = {isa = PBXFileReference; fileEncoding = 4; lastKnownFileType = sourcecode.c.h; name = ofxSpeechSynthesizer.h; path = addons/ofxSpeech/src/ofxSpeechSynthesizer.h; sourceTree = SOURCE_ROOT; };
		04823EEF13A3AB0E0072B3F6 /* install.xml */ = {isa = PBXFileReference; fileEncoding = 4; lastKnownFileType = text.xml; name = install.xml; path = ../../../addons/ofxVectorMath/install.xml; sourceTree = SOURCE_ROOT; };
		04823EF113A3AB0E0072B3F6 /* ofxMatrix3x3.cpp */ = {isa = PBXFileReference; fileEncoding = 4; lastKnownFileType = sourcecode.cpp.cpp; name = ofxMatrix3x3.cpp; path = ../../../addons/ofxVectorMath/src/ofxMatrix3x3.cpp; sourceTree = SOURCE_ROOT; };
		04823EF213A3AB0E0072B3F6 /* ofxMatrix3x3.h */ = {isa = PBXFileReference; fileEncoding = 4; lastKnownFileType = sourcecode.c.h; name = ofxMatrix3x3.h; path = ../../../addons/ofxVectorMath/src/ofxMatrix3x3.h; sourceTree = SOURCE_ROOT; };
		04823EF313A3AB0E0072B3F6 /* ofxMatrix4x4.cpp */ = {isa = PBXFileReference; fileEncoding = 4; lastKnownFileType = sourcecode.cpp.cpp; name = ofxMatrix4x4.cpp; path = ../../../addons/ofxVectorMath/src/ofxMatrix4x4.cpp; sourceTree = SOURCE_ROOT; };
		04823EF413A3AB0E0072B3F6 /* ofxMatrix4x4.h */ = {isa = PBXFileReference; fileEncoding = 4; lastKnownFileType = sourcecode.c.h; name = ofxMatrix4x4.h; path = ../../../addons/ofxVectorMath/src/ofxMatrix4x4.h; sourceTree = SOURCE_ROOT; };
		04823EF513A3AB0E0072B3F6 /* ofxPoint2f.h */ = {isa = PBXFileReference; fileEncoding = 4; lastKnownFileType = sourcecode.c.h; name = ofxPoint2f.h; path = ../../../addons/ofxVectorMath/src/ofxPoint2f.h; sourceTree = SOURCE_ROOT; };
		04823EF613A3AB0E0072B3F6 /* ofxPoint3f.h */ = {isa = PBXFileReference; fileEncoding = 4; lastKnownFileType = sourcecode.c.h; name = ofxPoint3f.h; path = ../../../addons/ofxVectorMath/src/ofxPoint3f.h; sourceTree = SOURCE_ROOT; };
		04823EF713A3AB0E0072B3F6 /* ofxPoint4f.h */ = {isa = PBXFileReference; fileEncoding = 4; lastKnownFileType = sourcecode.c.h; name = ofxPoint4f.h; path = ../../../addons/ofxVectorMath/src/ofxPoint4f.h; sourceTree = SOURCE_ROOT; };
		04823EF813A3AB0E0072B3F6 /* ofxQuaternion.cpp */ = {isa = PBXFileReference; fileEncoding = 4; lastKnownFileType = sourcecode.cpp.cpp; name = ofxQuaternion.cpp; path = ../../../addons/ofxVectorMath/src/ofxQuaternion.cpp; sourceTree = SOURCE_ROOT; };
		04823EF913A3AB0E0072B3F6 /* ofxQuaternion.h */ = {isa = PBXFileReference; fileEncoding = 4; lastKnownFileType = sourcecode.c.h; name = ofxQuaternion.h; path = ../../../addons/ofxVectorMath/src/ofxQuaternion.h; sourceTree = SOURCE_ROOT; };
		04823EFA13A3AB0E0072B3F6 /* ofxVec2f.h */ = {isa = PBXFileReference; fileEncoding = 4; lastKnownFileType = sourcecode.c.h; name = ofxVec2f.h; path = ../../../addons/ofxVectorMath/src/ofxVec2f.h; sourceTree = SOURCE_ROOT; };
		04823EFB13A3AB0E0072B3F6 /* ofxVec3f.h */ = {isa = PBXFileReference; fileEncoding = 4; lastKnownFileType = sourcecode.c.h; name = ofxVec3f.h; path = ../../../addons/ofxVectorMath/src/ofxVec3f.h; sourceTree = SOURCE_ROOT; };
		04823EFC13A3AB0E0072B3F6 /* ofxVec4f.h */ = {isa = PBXFileReference; fileEncoding = 4; lastKnownFileType = sourcecode.c.h; name = ofxVec4f.h; path = ../../../addons/ofxVectorMath/src/ofxVec4f.h; sourceTree = SOURCE_ROOT; };
		04823EFD13A3AB0E0072B3F6 /* ofxVectorMath.h */ = {isa = PBXFileReference; fileEncoding = 4; lastKnownFileType = sourcecode.c.h; name = ofxVectorMath.h; path = ../../../addons/ofxVectorMath/src/ofxVectorMath.h; sourceTree = SOURCE_ROOT; };
		DD41B81113A40F7000D3E5E3 /* ofxNetwork.h */ = {isa = PBXFileReference; fileEncoding = 4; lastKnownFileType = sourcecode.c.h; path = ofxNetwork.h; sourceTree = "<group>"; };
		DD41B81213A40F7000D3E5E3 /* ofxNetworkUtils.h */ = {isa = PBXFileReference; fileEncoding = 4; lastKnownFileType = sourcecode.c.h; path = ofxNetworkUtils.h; sourceTree = "<group>"; };
		DD41B81313A40F7000D3E5E3 /* ofxTCPClient.cpp */ = {isa = PBXFileReference; fileEncoding = 4; lastKnownFileType = sourcecode.cpp.cpp; path = ofxTCPClient.cpp; sourceTree = "<group>"; };
		DD41B81413A40F7000D3E5E3 /* ofxTCPClient.h */ = {isa = PBXFileReference; fileEncoding = 4; lastKnownFileType = sourcecode.c.h; path = ofxTCPClient.h; sourceTree = "<group>"; };
		DD41B81513A40F7000D3E5E3 /* ofxTCPManager.cpp */ = {isa = PBXFileReference; fileEncoding = 4; lastKnownFileType = sourcecode.cpp.cpp; path = ofxTCPManager.cpp; sourceTree = "<group>"; };
		DD41B81613A40F7000D3E5E3 /* ofxTCPManager.h */ = {isa = PBXFileReference; fileEncoding = 4; lastKnownFileType = sourcecode.c.h; path = ofxTCPManager.h; sourceTree = "<group>"; };
		DD41B81713A40F7000D3E5E3 /* ofxTCPServer.cpp */ = {isa = PBXFileReference; fileEncoding = 4; lastKnownFileType = sourcecode.cpp.cpp; path = ofxTCPServer.cpp; sourceTree = "<group>"; };
		DD41B81813A40F7000D3E5E3 /* ofxTCPServer.h */ = {isa = PBXFileReference; fileEncoding = 4; lastKnownFileType = sourcecode.c.h; path = ofxTCPServer.h; sourceTree = "<group>"; };
		DD41B81913A40F7000D3E5E3 /* ofxUDPManager.cpp */ = {isa = PBXFileReference; fileEncoding = 4; lastKnownFileType = sourcecode.cpp.cpp; path = ofxUDPManager.cpp; sourceTree = "<group>"; };
		DD41B81A13A40F7000D3E5E3 /* ofxUDPManager.h */ = {isa = PBXFileReference; fileEncoding = 4; lastKnownFileType = sourcecode.c.h; path = ofxUDPManager.h; sourceTree = "<group>"; };
		DD41B82413A40FC100D3E5E3 /* ofxThread.cpp */ = {isa = PBXFileReference; fileEncoding = 4; lastKnownFileType = sourcecode.cpp.cpp; path = ofxThread.cpp; sourceTree = "<group>"; };
		DD41B82513A40FC100D3E5E3 /* ofxThread.h */ = {isa = PBXFileReference; fileEncoding = 4; lastKnownFileType = sourcecode.c.h; path = ofxThread.h; sourceTree = "<group>"; };
		DD98EF6313A3B0A30093BAAE /* network.cpp */ = {isa = PBXFileReference; fileEncoding = 4; lastKnownFileType = sourcecode.cpp.cpp; name = network.cpp; path = src/network.cpp; sourceTree = SOURCE_ROOT; };
		DD98EF6413A3B0A30093BAAE /* network.h */ = {isa = PBXFileReference; fileEncoding = 4; lastKnownFileType = sourcecode.c.h; name = network.h; path = src/network.h; sourceTree = SOURCE_ROOT; };
		DDA2622F13A419420086FCB4 /* defines.h */ = {isa = PBXFileReference; fileEncoding = 4; lastKnownFileType = sourcecode.c.h; path = defines.h; sourceTree = "<group>"; };
		DDE006F313A5218C0003825C /* filesaver.cpp */ = {isa = PBXFileReference; fileEncoding = 4; lastKnownFileType = sourcecode.cpp.cpp; path = filesaver.cpp; sourceTree = "<group>"; };
		DDE006F513A521960003825C /* filesaver.h */ = {isa = PBXFileReference; fileEncoding = 4; lastKnownFileType = sourcecode.c.h; path = filesaver.h; sourceTree = "<group>"; };
		E45BE0390E8CC647009D7055 /* FreeImage.h */ = {isa = PBXFileReference; fileEncoding = 4; lastKnownFileType = sourcecode.c.h; name = FreeImage.h; path = ../../../libs/freeimage/include/FreeImage.h; sourceTree = SOURCE_ROOT; };
		E45BE03F0E8CC650009D7055 /* fmod.h */ = {isa = PBXFileReference; fileEncoding = 4; lastKnownFileType = sourcecode.c.h; name = fmod.h; path = ../../../libs/fmodex/include/fmod.h; sourceTree = SOURCE_ROOT; };
		E45BE0400E8CC650009D7055 /* fmod.hpp */ = {isa = PBXFileReference; fileEncoding = 4; lastKnownFileType = sourcecode.cpp.h; name = fmod.hpp; path = ../../../libs/fmodex/include/fmod.hpp; sourceTree = SOURCE_ROOT; };
		E45BE0410E8CC650009D7055 /* fmod_codec.h */ = {isa = PBXFileReference; fileEncoding = 4; lastKnownFileType = sourcecode.c.h; name = fmod_codec.h; path = ../../../libs/fmodex/include/fmod_codec.h; sourceTree = SOURCE_ROOT; };
		E45BE0420E8CC650009D7055 /* fmod_dsp.h */ = {isa = PBXFileReference; fileEncoding = 4; lastKnownFileType = sourcecode.c.h; name = fmod_dsp.h; path = ../../../libs/fmodex/include/fmod_dsp.h; sourceTree = SOURCE_ROOT; };
		E45BE0430E8CC650009D7055 /* fmod_errors.h */ = {isa = PBXFileReference; fileEncoding = 4; lastKnownFileType = sourcecode.c.h; name = fmod_errors.h; path = ../../../libs/fmodex/include/fmod_errors.h; sourceTree = SOURCE_ROOT; };
		E45BE0440E8CC650009D7055 /* fmod_output.h */ = {isa = PBXFileReference; fileEncoding = 4; lastKnownFileType = sourcecode.c.h; name = fmod_output.h; path = ../../../libs/fmodex/include/fmod_output.h; sourceTree = SOURCE_ROOT; };
		E45BE0A70E8CC67C009D7055 /* GLee.h */ = {isa = PBXFileReference; fileEncoding = 4; lastKnownFileType = sourcecode.c.h; name = GLee.h; path = ../../../libs/GLee/include/GLee.h; sourceTree = SOURCE_ROOT; };
		E45BE0A90E8CC67C009D7055 /* GLee.a */ = {isa = PBXFileReference; lastKnownFileType = archive.ar; name = GLee.a; path = ../../../libs/GLee/lib/osx/GLee.a; sourceTree = SOURCE_ROOT; };
		E45BE2E00E8CC69C009D7055 /* RtAudio.h */ = {isa = PBXFileReference; fileEncoding = 4; lastKnownFileType = sourcecode.c.h; name = RtAudio.h; path = ../../../libs/rtAudio/include/RtAudio.h; sourceTree = SOURCE_ROOT; };
		E45BE2E10E8CC69C009D7055 /* RtError.h */ = {isa = PBXFileReference; fileEncoding = 4; lastKnownFileType = sourcecode.c.h; name = RtError.h; path = ../../../libs/rtAudio/include/RtError.h; sourceTree = SOURCE_ROOT; };
		E45BE2E30E8CC69C009D7055 /* rtAudio.a */ = {isa = PBXFileReference; lastKnownFileType = archive.ar; name = rtAudio.a; path = ../../../libs/rtAudio/lib/osx/rtAudio.a; sourceTree = SOURCE_ROOT; };
		E45BE9710E8CC7DD009D7055 /* AGL.framework */ = {isa = PBXFileReference; lastKnownFileType = wrapper.framework; name = AGL.framework; path = /System/Library/Frameworks/AGL.framework; sourceTree = "<absolute>"; };
		E45BE9720E8CC7DD009D7055 /* ApplicationServices.framework */ = {isa = PBXFileReference; lastKnownFileType = wrapper.framework; name = ApplicationServices.framework; path = /System/Library/Frameworks/ApplicationServices.framework; sourceTree = "<absolute>"; };
		E45BE9730E8CC7DD009D7055 /* AudioToolbox.framework */ = {isa = PBXFileReference; lastKnownFileType = wrapper.framework; name = AudioToolbox.framework; path = /System/Library/Frameworks/AudioToolbox.framework; sourceTree = "<absolute>"; };
		E45BE9740E8CC7DD009D7055 /* Carbon.framework */ = {isa = PBXFileReference; lastKnownFileType = wrapper.framework; name = Carbon.framework; path = /System/Library/Frameworks/Carbon.framework; sourceTree = "<absolute>"; };
		E45BE9750E8CC7DD009D7055 /* CoreAudio.framework */ = {isa = PBXFileReference; lastKnownFileType = wrapper.framework; name = CoreAudio.framework; path = /System/Library/Frameworks/CoreAudio.framework; sourceTree = "<absolute>"; };
		E45BE9760E8CC7DD009D7055 /* CoreFoundation.framework */ = {isa = PBXFileReference; lastKnownFileType = wrapper.framework; name = CoreFoundation.framework; path = /System/Library/Frameworks/CoreFoundation.framework; sourceTree = "<absolute>"; };
		E45BE9770E8CC7DD009D7055 /* CoreServices.framework */ = {isa = PBXFileReference; lastKnownFileType = wrapper.framework; name = CoreServices.framework; path = /System/Library/Frameworks/CoreServices.framework; sourceTree = "<absolute>"; };
		E45BE9790E8CC7DD009D7055 /* OpenGL.framework */ = {isa = PBXFileReference; lastKnownFileType = wrapper.framework; name = OpenGL.framework; path = /System/Library/Frameworks/OpenGL.framework; sourceTree = "<absolute>"; };
		E45BE97A0E8CC7DD009D7055 /* QuickTime.framework */ = {isa = PBXFileReference; lastKnownFileType = wrapper.framework; name = QuickTime.framework; path = /System/Library/Frameworks/QuickTime.framework; sourceTree = "<absolute>"; };
		E4B69B5B0A3A1756003C02F2 /* emptyExampleDebug.app */ = {isa = PBXFileReference; explicitFileType = wrapper.application; includeInIndex = 0; path = emptyExampleDebug.app; sourceTree = BUILT_PRODUCTS_DIR; };
		E4B6FCAD0C3E899E008CF71C /* openFrameworks-Info.plist */ = {isa = PBXFileReference; fileEncoding = 30; lastKnownFileType = text.plist.xml; path = "openFrameworks-Info.plist"; sourceTree = "<group>"; };
		E4C2421610CC549C004149E2 /* openFrameworksLib.xcodeproj */ = {isa = PBXFileReference; lastKnownFileType = "wrapper.pb-project"; name = openFrameworksLib.xcodeproj; path = ../../../libs/openFrameworksCompiled/project/osx/openFrameworksLib.xcodeproj; sourceTree = SOURCE_ROOT; };
		E4C2424410CC5A17004149E2 /* AppKit.framework */ = {isa = PBXFileReference; lastKnownFileType = wrapper.framework; name = AppKit.framework; path = /System/Library/Frameworks/AppKit.framework; sourceTree = "<absolute>"; };
		E4C2424510CC5A17004149E2 /* Cocoa.framework */ = {isa = PBXFileReference; lastKnownFileType = wrapper.framework; name = Cocoa.framework; path = /System/Library/Frameworks/Cocoa.framework; sourceTree = "<absolute>"; };
		E4C2424610CC5A17004149E2 /* IOKit.framework */ = {isa = PBXFileReference; lastKnownFileType = wrapper.framework; name = IOKit.framework; path = /System/Library/Frameworks/IOKit.framework; sourceTree = "<absolute>"; };
		E4C2425F10CC5A78004149E2 /* GLUT.framework */ = {isa = PBXFileReference; lastKnownFileType = wrapper.framework; name = GLUT.framework; path = ../../../libs/glut/lib/osx/GLUT.framework; sourceTree = SOURCE_ROOT; };
		E4C2427A10CC5B66004149E2 /* CppUnit.a */ = {isa = PBXFileReference; lastKnownFileType = archive.ar; name = CppUnit.a; path = ../../../libs/poco/lib/osx/CppUnit.a; sourceTree = SOURCE_ROOT; };
		E4C2427B10CC5B66004149E2 /* PocoFoundation.a */ = {isa = PBXFileReference; lastKnownFileType = archive.ar; name = PocoFoundation.a; path = ../../../libs/poco/lib/osx/PocoFoundation.a; sourceTree = SOURCE_ROOT; };
		E4C2427C10CC5B66004149E2 /* PocoNet.a */ = {isa = PBXFileReference; lastKnownFileType = archive.ar; name = PocoNet.a; path = ../../../libs/poco/lib/osx/PocoNet.a; sourceTree = SOURCE_ROOT; };
		E4C2427D10CC5B66004149E2 /* PocoUtil.a */ = {isa = PBXFileReference; lastKnownFileType = archive.ar; name = PocoUtil.a; path = ../../../libs/poco/lib/osx/PocoUtil.a; sourceTree = SOURCE_ROOT; };
		E4C2427E10CC5B66004149E2 /* PocoXML.a */ = {isa = PBXFileReference; lastKnownFileType = archive.ar; name = PocoXML.a; path = ../../../libs/poco/lib/osx/PocoXML.a; sourceTree = SOURCE_ROOT; };
		E4C2429310CC5C38004149E2 /* freetype.a */ = {isa = PBXFileReference; lastKnownFileType = archive.ar; name = freetype.a; path = ../../../libs/freetype/lib/osx/freetype.a; sourceTree = SOURCE_ROOT; };
		E4C242CC10CC650E004149E2 /* libfmodex.dylib */ = {isa = PBXFileReference; lastKnownFileType = "compiled.mach-o.dylib"; name = libfmodex.dylib; path = ../../../libs/fmodex/lib/osx/libfmodex.dylib; sourceTree = SOURCE_ROOT; };
		E4C246D910CCAE22004149E2 /* freeimage.a */ = {isa = PBXFileReference; lastKnownFileType = archive.ar; name = freeimage.a; path = ../../../libs/FreeImage/lib/osx/freeimage.a; sourceTree = SOURCE_ROOT; };
/* End PBXFileReference section */

/* Begin PBXFrameworksBuildPhase section */
		E4B69B590A3A1756003C02F2 /* Frameworks */ = {
			isa = PBXFrameworksBuildPhase;
			buildActionMask = 2147483647;
			files = (
				E4C2422B10CC554B004149E2 /* openFrameworksDebug.a in Frameworks */,
				E45BE0AA0E8CC67C009D7055 /* GLee.a in Frameworks */,
				E45BE2E40E8CC69C009D7055 /* rtAudio.a in Frameworks */,
				E45BE97B0E8CC7DD009D7055 /* AGL.framework in Frameworks */,
				E45BE97C0E8CC7DD009D7055 /* ApplicationServices.framework in Frameworks */,
				E45BE97D0E8CC7DD009D7055 /* AudioToolbox.framework in Frameworks */,
				E45BE97E0E8CC7DD009D7055 /* Carbon.framework in Frameworks */,
				E45BE97F0E8CC7DD009D7055 /* CoreAudio.framework in Frameworks */,
				E45BE9800E8CC7DD009D7055 /* CoreFoundation.framework in Frameworks */,
				E45BE9810E8CC7DD009D7055 /* CoreServices.framework in Frameworks */,
				E45BE9830E8CC7DD009D7055 /* OpenGL.framework in Frameworks */,
				E45BE9840E8CC7DD009D7055 /* QuickTime.framework in Frameworks */,
				E4C2424710CC5A17004149E2 /* AppKit.framework in Frameworks */,
				E4C2424810CC5A17004149E2 /* Cocoa.framework in Frameworks */,
				E4C2424910CC5A17004149E2 /* IOKit.framework in Frameworks */,
				E4C2426610CC5A78004149E2 /* GLUT.framework in Frameworks */,
				E4C2427F10CC5B66004149E2 /* CppUnit.a in Frameworks */,
				E4C2428010CC5B66004149E2 /* PocoFoundation.a in Frameworks */,
				E4C2428110CC5B66004149E2 /* PocoNet.a in Frameworks */,
				E4C2428210CC5B66004149E2 /* PocoUtil.a in Frameworks */,
				E4C2428310CC5B66004149E2 /* PocoXML.a in Frameworks */,
				E4C2429410CC5C38004149E2 /* freetype.a in Frameworks */,
				E4C242CD10CC650E004149E2 /* libfmodex.dylib in Frameworks */,
				E4C246DA10CCAE22004149E2 /* freeimage.a in Frameworks */,
				046EE50513A3B404004A2B13 /* osc.a in Frameworks */,
			);
			runOnlyForDeploymentPostprocessing = 0;
		};
/* End PBXFrameworksBuildPhase section */

/* Begin PBXGroup section */
		046EE4E313A3B404004A2B13 /* ofxOsc */ = {
			isa = PBXGroup;
			children = (
				046EE4E413A3B404004A2B13 /* install.xml */,
				046EE4E513A3B404004A2B13 /* libs */,
				046EE4FA13A3B404004A2B13 /* src */,
			);
			name = ofxOsc;
			path = ../../../addons/ofxOsc;
			sourceTree = SOURCE_ROOT;
		};
		046EE4E513A3B404004A2B13 /* libs */ = {
			isa = PBXGroup;
			children = (
				046EE4E613A3B404004A2B13 /* oscpack */,
			);
			name = libs;
			path = ../../../addons/ofxOsc/libs;
			sourceTree = SOURCE_ROOT;
		};
		046EE4E613A3B404004A2B13 /* oscpack */ = {
			isa = PBXGroup;
			children = (
				046EE4E713A3B404004A2B13 /* include */,
				046EE4F713A3B404004A2B13 /* lib */,
			);
			name = oscpack;
			path = ../../../addons/ofxOsc/libs/oscpack;
			sourceTree = SOURCE_ROOT;
		};
		046EE4E713A3B404004A2B13 /* include */ = {
			isa = PBXGroup;
			children = (
				046EE4E813A3B404004A2B13 /* ip */,
				046EE4EE13A3B404004A2B13 /* osc */,
			);
			name = include;
			path = ../../../addons/ofxOsc/libs/oscpack/include;
			sourceTree = SOURCE_ROOT;
		};
		046EE4E813A3B404004A2B13 /* ip */ = {
			isa = PBXGroup;
			children = (
				046EE4E913A3B404004A2B13 /* IpEndpointName.h */,
				046EE4EA13A3B404004A2B13 /* NetworkingUtils.h */,
				046EE4EB13A3B404004A2B13 /* PacketListener.h */,
				046EE4EC13A3B404004A2B13 /* TimerListener.h */,
				046EE4ED13A3B404004A2B13 /* UdpSocket.h */,
			);
			name = ip;
			path = ../../../addons/ofxOsc/libs/oscpack/include/ip;
			sourceTree = SOURCE_ROOT;
		};
		046EE4EE13A3B404004A2B13 /* osc */ = {
			isa = PBXGroup;
			children = (
				046EE4EF13A3B404004A2B13 /* MessageMappingOscPacketListener.h */,
				046EE4F013A3B404004A2B13 /* OscException.h */,
				046EE4F113A3B404004A2B13 /* OscHostEndianness.h */,
				046EE4F213A3B404004A2B13 /* OscOutboundPacketStream.h */,
				046EE4F313A3B404004A2B13 /* OscPacketListener.h */,
				046EE4F413A3B404004A2B13 /* OscPrintReceivedElements.h */,
				046EE4F513A3B404004A2B13 /* OscReceivedElements.h */,
				046EE4F613A3B404004A2B13 /* OscTypes.h */,
			);
			name = osc;
			path = ../../../addons/ofxOsc/libs/oscpack/include/osc;
			sourceTree = SOURCE_ROOT;
		};
		046EE4F713A3B404004A2B13 /* lib */ = {
			isa = PBXGroup;
			children = (
				046EE4F813A3B404004A2B13 /* osx */,
			);
			name = lib;
			path = ../../../addons/ofxOsc/libs/oscpack/lib;
			sourceTree = SOURCE_ROOT;
		};
		046EE4F813A3B404004A2B13 /* osx */ = {
			isa = PBXGroup;
			children = (
				046EE4F913A3B404004A2B13 /* osc.a */,
			);
			name = osx;
			path = ../../../addons/ofxOsc/libs/oscpack/lib/osx;
			sourceTree = SOURCE_ROOT;
		};
		046EE4FA13A3B404004A2B13 /* src */ = {
			isa = PBXGroup;
			children = (
				046EE4FB13A3B404004A2B13 /* ofxOsc.h */,
				046EE4FC13A3B404004A2B13 /* ofxOscArg.h */,
				046EE4FD13A3B404004A2B13 /* ofxOscBundle.cpp */,
				046EE4FE13A3B404004A2B13 /* ofxOscBundle.h */,
				046EE4FF13A3B404004A2B13 /* ofxOscMessage.cpp */,
				046EE50013A3B404004A2B13 /* ofxOscMessage.h */,
				046EE50113A3B404004A2B13 /* ofxOscReceiver.cpp */,
				046EE50213A3B404004A2B13 /* ofxOscReceiver.h */,
				046EE50313A3B404004A2B13 /* ofxOscSender.cpp */,
				046EE50413A3B404004A2B13 /* ofxOscSender.h */,
			);
			name = src;
			path = ../../../addons/ofxOsc/src;
			sourceTree = SOURCE_ROOT;
		};
		04823E2113A3AA930072B3F6 /* ofxXmlSettings */ = {
			isa = PBXGroup;
			children = (
				04823E2213A3AA930072B3F6 /* install.xml */,
				04823E2313A3AA930072B3F6 /* libs */,
				04823E2813A3AA930072B3F6 /* src */,
			);
			name = ofxXmlSettings;
			path = ../../../addons/ofxXmlSettings;
			sourceTree = SOURCE_ROOT;
		};
		04823E2313A3AA930072B3F6 /* libs */ = {
			isa = PBXGroup;
			children = (
				04823E2413A3AA930072B3F6 /* tinyxml.cpp */,
				04823E2513A3AA930072B3F6 /* tinyxml.h */,
				04823E2613A3AA930072B3F6 /* tinyxmlerror.cpp */,
				04823E2713A3AA930072B3F6 /* tinyxmlparser.cpp */,
			);
			name = libs;
			path = ../../../addons/ofxXmlSettings/libs;
			sourceTree = SOURCE_ROOT;
		};
		04823E2813A3AA930072B3F6 /* src */ = {
			isa = PBXGroup;
			children = (
				04823E2913A3AA930072B3F6 /* ofxXmlSettings.cpp */,
				04823E2A13A3AA930072B3F6 /* ofxXmlSettings.h */,
			);
			name = src;
			path = ../../../addons/ofxXmlSettings/src;
			sourceTree = SOURCE_ROOT;
		};
		04823E2F13A3AACD0072B3F6 /* MSACore */ = {
			isa = PBXGroup;
			children = (
				04823E3013A3AACD0072B3F6 /* install.xml */,
				04823E3113A3AACD0072B3F6 /* src */,
			);
			name = MSACore;
			path = addons/MSACore;
			sourceTree = SOURCE_ROOT;
		};
		04823E3113A3AACD0072B3F6 /* src */ = {
			isa = PBXGroup;
			children = (
				04823E3213A3AACD0072B3F6 /* cinder-lite */,
				04823E3813A3AACD0072B3F6 /* MSACore-Cinder.h */,
				04823E3913A3AACD0072B3F6 /* MSACore-OF.h */,
				04823E3A13A3AACD0072B3F6 /* MSACore.h */,
				04823E3B13A3AACD0072B3F6 /* MSACoreCommon.h */,
				04823E3C13A3AACD0072B3F6 /* MSACoreGL.cpp */,
				04823E3D13A3AACD0072B3F6 /* MSACoreGL.h */,
				04823E3E13A3AACD0072B3F6 /* MSACoreMath.h */,
			);
			name = src;
			path = addons/MSACore/src;
			sourceTree = SOURCE_ROOT;
		};
		04823E3213A3AACD0072B3F6 /* cinder-lite */ = {
			isa = PBXGroup;
			children = (
				04823E3313A3AACD0072B3F6 /* ChanTraits.h */,
				04823E3413A3AACD0072B3F6 /* CinderMath.h */,
				04823E3513A3AACD0072B3F6 /* Color.cpp */,
				04823E3613A3AACD0072B3F6 /* Color.h */,
				04823E3713A3AACD0072B3F6 /* Vector.h */,
			);
			name = "cinder-lite";
			path = "addons/MSACore/src/cinder-lite";
			sourceTree = SOURCE_ROOT;
		};
		04823E9213A3AACD0072B3F6 /* ofxMSAInteractiveObject */ = {
			isa = PBXGroup;
			children = (
				04823E9313A3AACD0072B3F6 /* changelog.txt */,
				04823E9413A3AACD0072B3F6 /* install.xml */,
				04823E9513A3AACD0072B3F6 /* LICENSE.txt */,
				04823E9613A3AACD0072B3F6 /* src */,
			);
			name = ofxMSAInteractiveObject;
			path = addons/ofxMSAInteractiveObject;
			sourceTree = SOURCE_ROOT;
		};
		04823E9613A3AACD0072B3F6 /* src */ = {
			isa = PBXGroup;
			children = (
				04823E9713A3AACD0072B3F6 /* ofxMSAInteractiveObject.cpp */,
				04823E9813A3AACD0072B3F6 /* ofxMSAInteractiveObject.h */,
			);
			name = src;
			path = addons/ofxMSAInteractiveObject/src;
			sourceTree = SOURCE_ROOT;
		};
		04823E9913A3AACD0072B3F6 /* ofxSimpleGuiToo */ = {
			isa = PBXGroup;
			children = (
				04823E9A13A3AACD0072B3F6 /* changelog.txt */,
				04823E9B13A3AACD0072B3F6 /* install.xml */,
				04823E9C13A3AACD0072B3F6 /* LICENSE.txt */,
				04823E9D13A3AACD0072B3F6 /* src */,
			);
			name = ofxSimpleGuiToo;
			path = addons/ofxSimpleGuiToo;
			sourceTree = SOURCE_ROOT;
		};
		04823E9D13A3AACD0072B3F6 /* src */ = {
			isa = PBXGroup;
			children = (
				04823E9E13A3AACD0072B3F6 /* Controls */,
				04823EB613A3AACD0072B3F6 /* ofxSimpleGuiConfig.cpp */,
				04823EB713A3AACD0072B3F6 /* ofxSimpleGuiConfig.h */,
				04823EB813A3AACD0072B3F6 /* ofxSimpleGuiControl.cpp */,
				04823EB913A3AACD0072B3F6 /* ofxSimpleGuiControl.h */,
				04823EBA13A3AACD0072B3F6 /* ofxSimpleGuiIncludes.h */,
				04823EBB13A3AACD0072B3F6 /* ofxSimpleGuiPage.cpp */,
				04823EBC13A3AACD0072B3F6 /* ofxSimpleGuiPage.h */,
				04823EBD13A3AACD0072B3F6 /* ofxSimpleGuiToo.cpp */,
				04823EBE13A3AACD0072B3F6 /* ofxSimpleGuiToo.h */,
				04823EBF13A3AACD0072B3F6 /* ofxSimpleGuiValueControl.cpp */,
				04823EC013A3AACD0072B3F6 /* ofxSimpleGuiValueControl.h */,
			);
			name = src;
			path = addons/ofxSimpleGuiToo/src;
			sourceTree = SOURCE_ROOT;
		};
		04823E9E13A3AACD0072B3F6 /* Controls */ = {
			isa = PBXGroup;
			children = (
				04823E9F13A3AACD0072B3F6 /* ofxSimpleGuiButton.cpp */,
				04823EA013A3AACD0072B3F6 /* ofxSimpleGuiButton.h */,
				04823EA113A3AACD0072B3F6 /* ofxSimpleGuiColorPicker.cpp */,
				04823EA213A3AACD0072B3F6 /* ofxSimpleGuiColorPicker.h */,
				04823EA313A3AACD0072B3F6 /* ofxSimpleGuiComboBox.cpp */,
				04823EA413A3AACD0072B3F6 /* ofxSimpleGuiComboBox.h */,
				04823EA513A3AACD0072B3F6 /* ofxSimpleGuiContent.cpp */,
				04823EA613A3AACD0072B3F6 /* ofxSimpleGuiContent.h */,
				04823EA713A3AACD0072B3F6 /* ofxSimpleGuiFPSCounter.cpp */,
				04823EA813A3AACD0072B3F6 /* ofxSimpleGuiFPSCounter.h */,
				04823EA913A3AACD0072B3F6 /* ofxSimpleGuiMovieSlider.cpp */,
				04823EAA13A3AACD0072B3F6 /* ofxSimpleGuiMovieSlider.h */,
				04823EAB13A3AACD0072B3F6 /* ofxSimpleGuiQuadWarp.cpp */,
				04823EAC13A3AACD0072B3F6 /* ofxSimpleGuiQuadWarp.h */,
				04823EAD13A3AACD0072B3F6 /* ofxSimpleGuiSlider2d.cpp */,
				04823EAE13A3AACD0072B3F6 /* ofxSimpleGuiSlider2d.h */,
				04823EAF13A3AACD0072B3F6 /* ofxSimpleGuiSliderBase.h */,
				04823EB013A3AACD0072B3F6 /* ofxSimpleGuiSliderFloat.h */,
				04823EB113A3AACD0072B3F6 /* ofxSimpleGuiSliderInt.h */,
				04823EB213A3AACD0072B3F6 /* ofxSimpleGuiTitle.cpp */,
				04823EB313A3AACD0072B3F6 /* ofxSimpleGuiTitle.h */,
				04823EB413A3AACD0072B3F6 /* ofxSimpleGuiToggle.cpp */,
				04823EB513A3AACD0072B3F6 /* ofxSimpleGuiToggle.h */,
			);
			name = Controls;
			path = addons/ofxSimpleGuiToo/src/Controls;
			sourceTree = SOURCE_ROOT;
		};
		04823EC113A3AACD0072B3F6 /* ofxSpeech */ = {
			isa = PBXGroup;
			children = (
				04823EC213A3AACD0072B3F6 /* .gitattributes */,
				04823EC313A3AACD0072B3F6 /* .gitignore */,
				04823EC413A3AACD0072B3F6 /* doc */,
				04823EC813A3AACD0072B3F6 /* install.xml */,
				04823EC913A3AACD0072B3F6 /* src */,
			);
			name = ofxSpeech;
			path = addons/ofxSpeech;
			sourceTree = SOURCE_ROOT;
		};
		04823EC413A3AACD0072B3F6 /* doc */ = {
			isa = PBXGroup;
			children = (
				04823EC513A3AACD0072B3F6 /* instructions.txt */,
				04823EC613A3AACD0072B3F6 /* recognizer_usage.txt */,
				04823EC713A3AACD0072B3F6 /* synthesizer_usage.txt */,
			);
			name = doc;
			path = addons/ofxSpeech/doc;
			sourceTree = SOURCE_ROOT;
		};
		04823EC913A3AACD0072B3F6 /* src */ = {
			isa = PBXGroup;
			children = (
				04823ECA13A3AACD0072B3F6 /* ofxSpeech.h */,
				04823ECB13A3AACD0072B3F6 /* ofxSpeechRecognizer.cpp */,
				04823ECC13A3AACD0072B3F6 /* ofxSpeechRecognizer.h */,
				04823ECD13A3AACD0072B3F6 /* ofxSpeechSynthesizer.cpp */,
				04823ECE13A3AACD0072B3F6 /* ofxSpeechSynthesizer.h */,
			);
			name = src;
			path = addons/ofxSpeech/src;
			sourceTree = SOURCE_ROOT;
		};
		04823EEE13A3AB0E0072B3F6 /* ofxVectorMath */ = {
			isa = PBXGroup;
			children = (
				04823EEF13A3AB0E0072B3F6 /* install.xml */,
				04823EF013A3AB0E0072B3F6 /* src */,
			);
			name = ofxVectorMath;
			path = ../../../addons/ofxVectorMath;
			sourceTree = SOURCE_ROOT;
		};
		04823EF013A3AB0E0072B3F6 /* src */ = {
			isa = PBXGroup;
			children = (
				04823EF113A3AB0E0072B3F6 /* ofxMatrix3x3.cpp */,
				04823EF213A3AB0E0072B3F6 /* ofxMatrix3x3.h */,
				04823EF313A3AB0E0072B3F6 /* ofxMatrix4x4.cpp */,
				04823EF413A3AB0E0072B3F6 /* ofxMatrix4x4.h */,
				04823EF513A3AB0E0072B3F6 /* ofxPoint2f.h */,
				04823EF613A3AB0E0072B3F6 /* ofxPoint3f.h */,
				04823EF713A3AB0E0072B3F6 /* ofxPoint4f.h */,
				04823EF813A3AB0E0072B3F6 /* ofxQuaternion.cpp */,
				04823EF913A3AB0E0072B3F6 /* ofxQuaternion.h */,
				04823EFA13A3AB0E0072B3F6 /* ofxVec2f.h */,
				04823EFB13A3AB0E0072B3F6 /* ofxVec3f.h */,
				04823EFC13A3AB0E0072B3F6 /* ofxVec4f.h */,
				04823EFD13A3AB0E0072B3F6 /* ofxVectorMath.h */,
			);
			name = src;
			path = ../../../addons/ofxVectorMath/src;
			sourceTree = SOURCE_ROOT;
		};
		BB4B014C10F69532006C3DED /* addons */ = {
			isa = PBXGroup;
			children = (
				DD41B81F13A40FC100D3E5E3 /* ofxThread */,
				DD41B80C13A40F7000D3E5E3 /* ofxNetwork */,
				046EE4E313A3B404004A2B13 /* ofxOsc */,
				04823EEE13A3AB0E0072B3F6 /* ofxVectorMath */,
				04823E2F13A3AACD0072B3F6 /* MSACore */,
				04823E9213A3AACD0072B3F6 /* ofxMSAInteractiveObject */,
				04823E9913A3AACD0072B3F6 /* ofxSimpleGuiToo */,
				04823EC113A3AACD0072B3F6 /* ofxSpeech */,
				04823E2113A3AA930072B3F6 /* ofxXmlSettings */,
			);
			name = addons;
			sourceTree = "<group>";
		};
		DD41B80C13A40F7000D3E5E3 /* ofxNetwork */ = {
			isa = PBXGroup;
			children = (
				DD41B81013A40F7000D3E5E3 /* src */,
			);
			name = ofxNetwork;
			path = ../../../addons/ofxNetwork;
			sourceTree = SOURCE_ROOT;
		};
		DD41B81013A40F7000D3E5E3 /* src */ = {
			isa = PBXGroup;
			children = (
				DD41B81113A40F7000D3E5E3 /* ofxNetwork.h */,
				DD41B81213A40F7000D3E5E3 /* ofxNetworkUtils.h */,
				DD41B81313A40F7000D3E5E3 /* ofxTCPClient.cpp */,
				DD41B81413A40F7000D3E5E3 /* ofxTCPClient.h */,
				DD41B81513A40F7000D3E5E3 /* ofxTCPManager.cpp */,
				DD41B81613A40F7000D3E5E3 /* ofxTCPManager.h */,
				DD41B81713A40F7000D3E5E3 /* ofxTCPServer.cpp */,
				DD41B81813A40F7000D3E5E3 /* ofxTCPServer.h */,
				DD41B81913A40F7000D3E5E3 /* ofxUDPManager.cpp */,
				DD41B81A13A40F7000D3E5E3 /* ofxUDPManager.h */,
			);
			path = src;
			sourceTree = "<group>";
		};
		DD41B81F13A40FC100D3E5E3 /* ofxThread */ = {
			isa = PBXGroup;
			children = (
				DD41B82313A40FC100D3E5E3 /* src */,
			);
			name = ofxThread;
			path = ../../../addons/ofxThread;
			sourceTree = SOURCE_ROOT;
		};
		DD41B82313A40FC100D3E5E3 /* src */ = {
			isa = PBXGroup;
			children = (
				DD41B82413A40FC100D3E5E3 /* ofxThread.cpp */,
				DD41B82513A40FC100D3E5E3 /* ofxThread.h */,
			);
			path = src;
			sourceTree = "<group>";
		};
		E45BE0360E8CC5DE009D7055 /* libs */ = {
			isa = PBXGroup;
			children = (
				E45BEED60E8CCB34009D7055 /* core */,
			);
			name = libs;
			sourceTree = "<group>";
		};
		E45BE0370E8CC647009D7055 /* freeimage */ = {
			isa = PBXGroup;
			children = (
				E4C246D810CCAE22004149E2 /* osx */,
				E45BE0380E8CC647009D7055 /* include */,
			);
			name = freeimage;
			path = ../../../libs/freeimage;
			sourceTree = SOURCE_ROOT;
		};
		E45BE0380E8CC647009D7055 /* include */ = {
			isa = PBXGroup;
			children = (
				E45BE0390E8CC647009D7055 /* FreeImage.h */,
			);
			name = include;
			path = ../../../libs/freeimage/include;
			sourceTree = SOURCE_ROOT;
		};
		E45BE03D0E8CC650009D7055 /* fmodex */ = {
			isa = PBXGroup;
			children = (
				E45BE03E0E8CC650009D7055 /* inc */,
				E4C2428E10CC5C18004149E2 /* osx */,
			);
			name = fmodex;
			path = ../../../libs/fmodex;
			sourceTree = SOURCE_ROOT;
		};
		E45BE03E0E8CC650009D7055 /* inc */ = {
			isa = PBXGroup;
			children = (
				E45BE03F0E8CC650009D7055 /* fmod.h */,
				E45BE0400E8CC650009D7055 /* fmod.hpp */,
				E45BE0410E8CC650009D7055 /* fmod_codec.h */,
				E45BE0420E8CC650009D7055 /* fmod_dsp.h */,
				E45BE0430E8CC650009D7055 /* fmod_errors.h */,
				E45BE0440E8CC650009D7055 /* fmod_output.h */,
			);
			name = inc;
			path = ../../../libs/fmodex/include;
			sourceTree = SOURCE_ROOT;
		};
		E45BE0480E8CC657009D7055 /* core libraries */ = {
			isa = PBXGroup;
			children = (
				E4C2425B10CC5A78004149E2 /* glut */,
				E45BEC7B0E8CC911009D7055 /* poco */,
				E45BE2D50E8CC69C009D7055 /* rtAudio */,
				E45BE0A50E8CC67C009D7055 /* GLee */,
				E45BE0490E8CC676009D7055 /* freetype */,
				E45BE03D0E8CC650009D7055 /* fmodex */,
				E45BE0370E8CC647009D7055 /* freeimage */,
			);
			name = "core libraries";
			sourceTree = "<group>";
		};
		E45BE0490E8CC676009D7055 /* freetype */ = {
			isa = PBXGroup;
			children = (
				E4C2429210CC5C38004149E2 /* osx */,
			);
			name = freetype;
			path = ../../../libs/freetype;
			sourceTree = SOURCE_ROOT;
		};
		E45BE0A50E8CC67C009D7055 /* GLee */ = {
			isa = PBXGroup;
			children = (
				E45BE0A60E8CC67C009D7055 /* include */,
				E45BE0A80E8CC67C009D7055 /* lib */,
			);
			name = GLee;
			path = ../../../libs/GLee;
			sourceTree = SOURCE_ROOT;
		};
		E45BE0A60E8CC67C009D7055 /* include */ = {
			isa = PBXGroup;
			children = (
				E45BE0A70E8CC67C009D7055 /* GLee.h */,
			);
			name = include;
			path = ../../../libs/GLee/include;
			sourceTree = SOURCE_ROOT;
		};
		E45BE0A80E8CC67C009D7055 /* lib */ = {
			isa = PBXGroup;
			children = (
				E45BE0A90E8CC67C009D7055 /* GLee.a */,
			);
			name = lib;
			path = ../../../libs/GLee/lib/osx;
			sourceTree = SOURCE_ROOT;
		};
		E45BE2D50E8CC69C009D7055 /* rtAudio */ = {
			isa = PBXGroup;
			children = (
				E45BE2D60E8CC69C009D7055 /* include */,
				E45BE2E20E8CC69C009D7055 /* lib */,
			);
			name = rtAudio;
			path = ../../../libs/rtAudio;
			sourceTree = SOURCE_ROOT;
		};
		E45BE2D60E8CC69C009D7055 /* include */ = {
			isa = PBXGroup;
			children = (
				E45BE2D70E8CC69C009D7055 /* asio */,
				E45BE2E00E8CC69C009D7055 /* RtAudio.h */,
				E45BE2E10E8CC69C009D7055 /* RtError.h */,
			);
			name = include;
			path = ../../../libs/rtAudio/include;
			sourceTree = SOURCE_ROOT;
		};
		E45BE2D70E8CC69C009D7055 /* asio */ = {
			isa = PBXGroup;
			children = (
			);
			name = asio;
			path = ../../../libs/rtAudio/include/asio;
			sourceTree = SOURCE_ROOT;
		};
		E45BE2E20E8CC69C009D7055 /* lib */ = {
			isa = PBXGroup;
			children = (
				E45BE2E30E8CC69C009D7055 /* rtAudio.a */,
			);
			name = lib;
			path = ../../../libs/rtAudio/lib/osx;
			sourceTree = SOURCE_ROOT;
		};
		E45BE5980E8CC70C009D7055 /* core frameworks */ = {
			isa = PBXGroup;
			children = (
				E4C2424410CC5A17004149E2 /* AppKit.framework */,
				E4C2424510CC5A17004149E2 /* Cocoa.framework */,
				E4C2424610CC5A17004149E2 /* IOKit.framework */,
				E45BE9710E8CC7DD009D7055 /* AGL.framework */,
				E45BE9720E8CC7DD009D7055 /* ApplicationServices.framework */,
				E45BE9730E8CC7DD009D7055 /* AudioToolbox.framework */,
				E45BE9740E8CC7DD009D7055 /* Carbon.framework */,
				E45BE9750E8CC7DD009D7055 /* CoreAudio.framework */,
				E45BE9760E8CC7DD009D7055 /* CoreFoundation.framework */,
				E45BE9770E8CC7DD009D7055 /* CoreServices.framework */,
				E45BE9790E8CC7DD009D7055 /* OpenGL.framework */,
				E45BE97A0E8CC7DD009D7055 /* QuickTime.framework */,
			);
			name = "core frameworks";
			sourceTree = "<group>";
		};
		E45BEC7B0E8CC911009D7055 /* poco */ = {
			isa = PBXGroup;
			children = (
				E4C2427910CC5B66004149E2 /* osx */,
			);
			name = poco;
			path = ../../../libs/poco;
			sourceTree = SOURCE_ROOT;
		};
		E45BEED60E8CCB34009D7055 /* core */ = {
			isa = PBXGroup;
			children = (
				E45BE0480E8CC657009D7055 /* core libraries */,
				E45BE5980E8CC70C009D7055 /* core frameworks */,
			);
			name = core;
			sourceTree = "<group>";
		};
		E4B69B4A0A3A1720003C02F2 = {
			isa = PBXGroup;
			children = (
				E4B69B5B0A3A1756003C02F2 /* emptyExampleDebug.app */,
				E4B6FCAD0C3E899E008CF71C /* openFrameworks-Info.plist */,
				E4B69E1C0A3A1BDC003C02F2 /* src */,
				E4C2422310CC54B6004149E2 /* openFrameworks */,
				BB4B014C10F69532006C3DED /* addons */,
				E45BE0360E8CC5DE009D7055 /* libs */,
			);
			sourceTree = "<group>";
		};
		E4B69E1C0A3A1BDC003C02F2 /* src */ = {
			isa = PBXGroup;
			children = (
				04823D4813A3A6A80072B3F6 /* main.cpp */,
				04823D4B13A3A6A80072B3F6 /* testApp.cpp */,
				04823D4C13A3A6A80072B3F6 /* testApp.h */,
				04823D4613A3A6A80072B3F6 /* gui.cpp */,
				04823D4713A3A6A80072B3F6 /* gui.h */,
				04823E1A13A3A8830072B3F6 /* analyzer.h */,
				04823E1B13A3A8830072B3F6 /* analyzer.cpp */,
				DD98EF6413A3B0A30093BAAE /* network.h */,
				DD98EF6313A3B0A30093BAAE /* network.cpp */,
				04823D4913A3A6A80072B3F6 /* synth.cpp */,
				04823D4A13A3A6A80072B3F6 /* synth.h */,
				DDE006F513A521960003825C /* filesaver.h */,
				DDE006F313A5218C0003825C /* filesaver.cpp */,
				DDA2622F13A419420086FCB4 /* defines.h */,
			);
			path = src;
			sourceTree = SOURCE_ROOT;
		};
		E4C2421710CC549C004149E2 /* Products */ = {
			isa = PBXGroup;
			children = (
				E4C2421E10CC549C004149E2 /* openFrameworksDebug.a */,
			);
			name = Products;
			sourceTree = "<group>";
		};
		E4C2422310CC54B6004149E2 /* openFrameworks */ = {
			isa = PBXGroup;
			children = (
				E4C2421610CC549C004149E2 /* openFrameworksLib.xcodeproj */,
			);
			name = openFrameworks;
			sourceTree = "<group>";
		};
		E4C2425B10CC5A78004149E2 /* glut */ = {
			isa = PBXGroup;
			children = (
				E4C2425D10CC5A78004149E2 /* lib */,
			);
			name = glut;
			path = ../../../libs/glut;
			sourceTree = SOURCE_ROOT;
		};
		E4C2425D10CC5A78004149E2 /* lib */ = {
			isa = PBXGroup;
			children = (
				E4C2425E10CC5A78004149E2 /* osx */,
			);
			name = lib;
			path = ../../../libs/glut/lib;
			sourceTree = SOURCE_ROOT;
		};
		E4C2425E10CC5A78004149E2 /* osx */ = {
			isa = PBXGroup;
			children = (
				E4C2425F10CC5A78004149E2 /* GLUT.framework */,
			);
			name = osx;
			path = ../../../libs/glut/lib/osx;
			sourceTree = SOURCE_ROOT;
		};
		E4C2427910CC5B66004149E2 /* osx */ = {
			isa = PBXGroup;
			children = (
				E4C2427A10CC5B66004149E2 /* CppUnit.a */,
				E4C2427B10CC5B66004149E2 /* PocoFoundation.a */,
				E4C2427C10CC5B66004149E2 /* PocoNet.a */,
				E4C2427D10CC5B66004149E2 /* PocoUtil.a */,
				E4C2427E10CC5B66004149E2 /* PocoXML.a */,
			);
			name = osx;
			path = ../../../libs/poco/lib/osx;
			sourceTree = SOURCE_ROOT;
		};
		E4C2428E10CC5C18004149E2 /* osx */ = {
			isa = PBXGroup;
			children = (
				E4C242CC10CC650E004149E2 /* libfmodex.dylib */,
			);
			name = osx;
			path = ../../../libs/fmodex/lib/osx;
			sourceTree = SOURCE_ROOT;
		};
		E4C2429210CC5C38004149E2 /* osx */ = {
			isa = PBXGroup;
			children = (
				E4C2429310CC5C38004149E2 /* freetype.a */,
			);
			name = osx;
			path = ../../../libs/freetype/lib/osx;
			sourceTree = SOURCE_ROOT;
		};
		E4C246D810CCAE22004149E2 /* osx */ = {
			isa = PBXGroup;
			children = (
				E4C246D910CCAE22004149E2 /* freeimage.a */,
			);
			name = osx;
			path = ../../../libs/FreeImage/lib/osx;
			sourceTree = SOURCE_ROOT;
		};
/* End PBXGroup section */

/* Begin PBXNativeTarget section */
		E4B69B5A0A3A1756003C02F2 /* emptyExample */ = {
			isa = PBXNativeTarget;
			buildConfigurationList = E4B69B5F0A3A1757003C02F2 /* Build configuration list for PBXNativeTarget "emptyExample" */;
			buildPhases = (
				E4B69B580A3A1756003C02F2 /* Sources */,
				E4B69B590A3A1756003C02F2 /* Frameworks */,
				E4B6FFFD0C3F9AB9008CF71C /* ShellScript */,
				E4C2427710CC5ABF004149E2 /* CopyFiles */,
				E4C2444710CC769B004149E2 /* CopyFiles */,
			);
			buildRules = (
			);
			dependencies = (
				E4C2422810CC54DA004149E2 /* PBXTargetDependency */,
			);
			name = emptyExample;
			productName = myOFApp;
			productReference = E4B69B5B0A3A1756003C02F2 /* emptyExampleDebug.app */;
			productType = "com.apple.product-type.application";
		};
/* End PBXNativeTarget section */

/* Begin PBXProject section */
		E4B69B4C0A3A1720003C02F2 /* Project object */ = {
			isa = PBXProject;
			buildConfigurationList = E4B69B4D0A3A1720003C02F2 /* Build configuration list for PBXProject "PeopleCounterServer" */;
			compatibilityVersion = "Xcode 2.4";
			developmentRegion = English;
			hasScannedForEncodings = 0;
			knownRegions = (
				English,
				Japanese,
				French,
				German,
			);
			mainGroup = E4B69B4A0A3A1720003C02F2;
			productRefGroup = E4B69B4A0A3A1720003C02F2;
			projectDirPath = "";
			projectReferences = (
				{
					ProductGroup = E4C2421710CC549C004149E2 /* Products */;
					ProjectRef = E4C2421610CC549C004149E2 /* openFrameworksLib.xcodeproj */;
				},
			);
			projectRoot = "";
			targets = (
				E4B69B5A0A3A1756003C02F2 /* emptyExample */,
			);
		};
/* End PBXProject section */

/* Begin PBXReferenceProxy section */
		E4C2421E10CC549C004149E2 /* openFrameworksDebug.a */ = {
			isa = PBXReferenceProxy;
			fileType = archive.ar;
			path = openFrameworksDebug.a;
			remoteRef = E4C2421D10CC549C004149E2 /* PBXContainerItemProxy */;
			sourceTree = BUILT_PRODUCTS_DIR;
		};
/* End PBXReferenceProxy section */

/* Begin PBXShellScriptBuildPhase section */
		E4B6FFFD0C3F9AB9008CF71C /* ShellScript */ = {
			isa = PBXShellScriptBuildPhase;
			buildActionMask = 2147483647;
			files = (
			);
			inputPaths = (
			);
			outputPaths = (
			);
			runOnlyForDeploymentPostprocessing = 0;
			shellPath = /bin/sh;
			shellScript = "cp -f ../../../libs/fmodex/lib/osx/libfmodex.dylib \"$TARGET_BUILD_DIR/$PRODUCT_NAME.app/Contents/MacOS/libfmodex.dylib\"\ninstall_name_tool -change ./libfmodex.dylib @executable_path/libfmodex.dylib \"$TARGET_BUILD_DIR/$PRODUCT_NAME.app/Contents/MacOS/$PRODUCT_NAME\" ";
		};
/* End PBXShellScriptBuildPhase section */

/* Begin PBXSourcesBuildPhase section */
		E4B69B580A3A1756003C02F2 /* Sources */ = {
			isa = PBXSourcesBuildPhase;
			buildActionMask = 2147483647;
			files = (
				04823D4D13A3A6A80072B3F6 /* gui.cpp in Sources */,
				04823D4E13A3A6A80072B3F6 /* main.cpp in Sources */,
				04823D4F13A3A6A80072B3F6 /* synth.cpp in Sources */,
				04823D5013A3A6A80072B3F6 /* testApp.cpp in Sources */,
				04823E1C13A3A8830072B3F6 /* analyzer.cpp in Sources */,
				04823E2B13A3AA930072B3F6 /* tinyxml.cpp in Sources */,
				04823E2C13A3AA930072B3F6 /* tinyxmlerror.cpp in Sources */,
				04823E2D13A3AA930072B3F6 /* tinyxmlparser.cpp in Sources */,
				04823E2E13A3AA930072B3F6 /* ofxXmlSettings.cpp in Sources */,
				04823ECF13A3AACD0072B3F6 /* Color.cpp in Sources */,
				04823ED013A3AACD0072B3F6 /* MSACoreGL.cpp in Sources */,
				04823EDA13A3AACD0072B3F6 /* ofxMSAInteractiveObject.cpp in Sources */,
				04823EDB13A3AACD0072B3F6 /* ofxSimpleGuiButton.cpp in Sources */,
				04823EDC13A3AACD0072B3F6 /* ofxSimpleGuiColorPicker.cpp in Sources */,
				04823EDD13A3AACD0072B3F6 /* ofxSimpleGuiComboBox.cpp in Sources */,
				04823EDE13A3AACD0072B3F6 /* ofxSimpleGuiContent.cpp in Sources */,
				04823EDF13A3AACD0072B3F6 /* ofxSimpleGuiFPSCounter.cpp in Sources */,
				04823EE013A3AACD0072B3F6 /* ofxSimpleGuiMovieSlider.cpp in Sources */,
				04823EE113A3AACD0072B3F6 /* ofxSimpleGuiQuadWarp.cpp in Sources */,
				04823EE213A3AACD0072B3F6 /* ofxSimpleGuiSlider2d.cpp in Sources */,
				04823EE313A3AACD0072B3F6 /* ofxSimpleGuiTitle.cpp in Sources */,
				04823EE413A3AACD0072B3F6 /* ofxSimpleGuiToggle.cpp in Sources */,
				04823EE513A3AACD0072B3F6 /* ofxSimpleGuiConfig.cpp in Sources */,
				04823EE613A3AACD0072B3F6 /* ofxSimpleGuiControl.cpp in Sources */,
				04823EE713A3AACD0072B3F6 /* ofxSimpleGuiPage.cpp in Sources */,
				04823EE813A3AACD0072B3F6 /* ofxSimpleGuiToo.cpp in Sources */,
				04823EE913A3AACD0072B3F6 /* ofxSimpleGuiValueControl.cpp in Sources */,
				04823EEA13A3AACD0072B3F6 /* ofxSpeechRecognizer.cpp in Sources */,
				04823EEB13A3AACD0072B3F6 /* ofxSpeechSynthesizer.cpp in Sources */,
				04823EFE13A3AB0E0072B3F6 /* ofxMatrix3x3.cpp in Sources */,
				04823EFF13A3AB0E0072B3F6 /* ofxMatrix4x4.cpp in Sources */,
				04823F0013A3AB0E0072B3F6 /* ofxQuaternion.cpp in Sources */,
				DD98EF6513A3B0A30093BAAE /* network.cpp in Sources */,
				046EE50613A3B404004A2B13 /* ofxOscBundle.cpp in Sources */,
				046EE50713A3B404004A2B13 /* ofxOscMessage.cpp in Sources */,
				046EE50813A3B404004A2B13 /* ofxOscReceiver.cpp in Sources */,
				046EE50913A3B404004A2B13 /* ofxOscSender.cpp in Sources */,
				DD41B81B13A40F7000D3E5E3 /* ofxTCPClient.cpp in Sources */,
				DD41B81C13A40F7000D3E5E3 /* ofxTCPManager.cpp in Sources */,
				DD41B81D13A40F7000D3E5E3 /* ofxTCPServer.cpp in Sources */,
				DD41B81E13A40F7000D3E5E3 /* ofxUDPManager.cpp in Sources */,
				DD41B82613A40FC100D3E5E3 /* ofxThread.cpp in Sources */,
				DDE006F413A5218C0003825C /* filesaver.cpp in Sources */,
			);
			runOnlyForDeploymentPostprocessing = 0;
		};
/* End PBXSourcesBuildPhase section */

/* Begin PBXTargetDependency section */
		E4C2422810CC54DA004149E2 /* PBXTargetDependency */ = {
			isa = PBXTargetDependency;
			name = openFrameworks;
			targetProxy = E4C2422710CC54DA004149E2 /* PBXContainerItemProxy */;
		};
/* End PBXTargetDependency section */

/* Begin XCBuildConfiguration section */
		E4B27CA010CBF8A600536013 /* ReleaseUniversal */ = {
			isa = XCBuildConfiguration;
			buildSettings = {
				ARCHS = (
					ppc,
					i386,
				);
				CONFIGURATION_BUILD_DIR = "$(SRCROOT)/bin/";
				COPY_PHASE_STRIP = YES;
				DEAD_CODE_STRIPPING = YES;
				GCC_AUTO_VECTORIZATION = YES;
				GCC_ENABLE_SSE3_EXTENSIONS = YES;
				GCC_ENABLE_SUPPLEMENTAL_SSE3_INSTRUCTIONS = YES;
				GCC_INLINES_ARE_PRIVATE_EXTERN = NO;
				GCC_MODEL_TUNING = G5;
				GCC_OPTIMIZATION_LEVEL = 3;
				GCC_SYMBOLS_PRIVATE_EXTERN = NO;
				GCC_UNROLL_LOOPS = YES;
				GCC_WARN_ABOUT_DEPRECATED_FUNCTIONS = NO;
				GCC_WARN_ABOUT_INVALID_OFFSETOF_MACRO = NO;
				GCC_WARN_ALLOW_INCOMPLETE_PROTOCOL = NO;
				GCC_WARN_UNINITIALIZED_AUTOS = NO;
				GCC_WARN_UNUSED_VALUE = NO;
				GCC_WARN_UNUSED_VARIABLE = NO;
				HEADER_SEARCH_PATHS = (
					"../../../libs/openFrameworks/**",
					../../../libs/freetype/include/,
					../../../libs/freetype/include/freetype2,
					../../../libs/poco/include,
					../../../addons/,
				);
				OTHER_CPLUSPLUSFLAGS = (
					"-D__MACOSX_CORE__",
					"-lpthread",
				);
				OTHER_LDFLAGS = "";
				SDKROOT = "$(DEVELOPER_SDK_DIR)/MacOSX10.6.sdk";
			};
			name = ReleaseUniversal;
		};
		E4B27CA110CBF8A600536013 /* ReleaseUniversal */ = {
			isa = XCBuildConfiguration;
			buildSettings = {
				COPY_PHASE_STRIP = YES;
				FRAMEWORK_SEARCH_PATHS = (
					"$(inherited)",
					"$(FRAMEWORK_SEARCH_PATHS_QUOTED_FOR_TARGET_1)",
				);
				FRAMEWORK_SEARCH_PATHS_QUOTED_FOR_TARGET_1 = "\"$(SRCROOT)/../../../libs/glut/lib/osx\"";
				GCC_ENABLE_FIX_AND_CONTINUE = NO;
				GCC_GENERATE_DEBUGGING_SYMBOLS = NO;
				GCC_MODEL_TUNING = G4;
				GCC_PRECOMPILE_PREFIX_HEADER = YES;
				GCC_PREFIX_HEADER = "$(SYSTEM_LIBRARY_DIR)/Frameworks/Carbon.framework/Headers/Carbon.h";
				INFOPLIST_FILE = "openFrameworks-Info.plist";
				INSTALL_PATH = "$(HOME)/Applications";
				LIBRARY_SEARCH_PATHS = (
					"$(inherited)",
					"$(LIBRARY_SEARCH_PATHS_QUOTED_FOR_TARGET_1)",
					"$(LIBRARY_SEARCH_PATHS_QUOTED_FOR_TARGET_2)",
					"$(LIBRARY_SEARCH_PATHS_QUOTED_FOR_TARGET_3)",
					"$(LIBRARY_SEARCH_PATHS_QUOTED_FOR_TARGET_4)",
					"$(LIBRARY_SEARCH_PATHS_QUOTED_FOR_TARGET_5)",
					"$(LIBRARY_SEARCH_PATHS_QUOTED_FOR_TARGET_6)",
					"$(LIBRARY_SEARCH_PATHS_QUOTED_FOR_TARGET_7)",
					"$(LIBRARY_SEARCH_PATHS_QUOTED_FOR_TARGET_8)",
					"$(LIBRARY_SEARCH_PATHS_QUOTED_FOR_TARGET_9)",
					"$(LIBRARY_SEARCH_PATHS_QUOTED_FOR_TARGET_10)",
					"$(LIBRARY_SEARCH_PATHS_QUOTED_FOR_TARGET_11)",
					"$(LIBRARY_SEARCH_PATHS_QUOTED_FOR_TARGET_12)",
					"$(LIBRARY_SEARCH_PATHS_QUOTED_FOR_TARGET_13)",
					"$(LIBRARY_SEARCH_PATHS_QUOTED_FOR_TARGET_14)",
					"$(LIBRARY_SEARCH_PATHS_QUOTED_FOR_TARGET_15)",
					"$(LIBRARY_SEARCH_PATHS_QUOTED_FOR_TARGET_2)",
					"$(LIBRARY_SEARCH_PATHS_QUOTED_1)",
					"$(LIBRARY_SEARCH_PATHS_QUOTED_2)",
					"$(LIBRARY_SEARCH_PATHS_QUOTED_3)",
				);
				LIBRARY_SEARCH_PATHS_QUOTED_1 = "\"$(SRCROOT)/addons/ofxKinect/libs/libusb/osx/libs\"";
				LIBRARY_SEARCH_PATHS_QUOTED_2 = "\"$(DEVELOPER_DIR)/Udvikling/of_preRelease_v0062_osxSL_FAT/addons/ofxOsc/libs/oscpack/lib/osx\"";
				LIBRARY_SEARCH_PATHS_QUOTED_3 = "\"$(SRCROOT)/../../../addons/ofxOsc/libs/oscpack/lib/osx\"";
				LIBRARY_SEARCH_PATHS_QUOTED_FOR_TARGET_1 = "\"$(SRCROOT)/../../../libs/freeimage/lib/osx\"";
				LIBRARY_SEARCH_PATHS_QUOTED_FOR_TARGET_14 = "\"$(SRCROOT)/../../../libs/fmodex/lib/osx\"";
				LIBRARY_SEARCH_PATHS_QUOTED_FOR_TARGET_15 = "\"$(SRCROOT)/../../../libs/freetype/lib/osx\"";
				LIBRARY_SEARCH_PATHS_QUOTED_FOR_TARGET_2 = "\"$(SRCROOT)/../../../libs/FreeImage/lib/osx\"";
				LIBRARY_SEARCH_PATHS_QUOTED_FOR_TARGET_4 = "\"$(SRCROOT)/../../../libs/GLee/lib/osx\"";
				LIBRARY_SEARCH_PATHS_QUOTED_FOR_TARGET_5 = "\"$(SRCROOT)/../../../libs/poco/lib/osx\"";
				LIBRARY_SEARCH_PATHS_QUOTED_FOR_TARGET_6 = "\"$(SRCROOT)/../../../libs/rtAudio/lib/osx\"";
				PREBINDING = NO;
				PRODUCT_NAME = "$(TARGET_NAME)Universal";
				WRAPPER_EXTENSION = app;
				ZERO_LINK = NO;
			};
			name = ReleaseUniversal;
		};
		E4B69B4E0A3A1720003C02F2 /* Debug */ = {
			isa = XCBuildConfiguration;
			buildSettings = {
				ARCHS = "$(NATIVE_ARCH)";
				CONFIGURATION_BUILD_DIR = "$(SRCROOT)/bin/";
				COPY_PHASE_STRIP = NO;
				DEAD_CODE_STRIPPING = YES;
				GCC_AUTO_VECTORIZATION = YES;
				GCC_ENABLE_SSE3_EXTENSIONS = YES;
				GCC_ENABLE_SUPPLEMENTAL_SSE3_INSTRUCTIONS = YES;
				GCC_INLINES_ARE_PRIVATE_EXTERN = NO;
				GCC_MODEL_TUNING = G5;
				GCC_SYMBOLS_PRIVATE_EXTERN = NO;
				GCC_WARN_ABOUT_DEPRECATED_FUNCTIONS = NO;
				GCC_WARN_ABOUT_INVALID_OFFSETOF_MACRO = NO;
				GCC_WARN_ALLOW_INCOMPLETE_PROTOCOL = NO;
				GCC_WARN_UNINITIALIZED_AUTOS = NO;
				GCC_WARN_UNUSED_VALUE = NO;
				GCC_WARN_UNUSED_VARIABLE = NO;
				HEADER_SEARCH_PATHS = (
					"../../../libs/openFrameworks/**",
					../../../libs/freetype/include/,
					../../../libs/freetype/include/freetype2,
					../../../libs/poco/include,
					../../../addons/,
				);
				OTHER_CPLUSPLUSFLAGS = (
					"-D__MACOSX_CORE__",
					"-lpthread",
				);
				OTHER_LDFLAGS = "";
				SDKROOT = "$(DEVELOPER_SDK_DIR)/MacOSX10.6.sdk";
			};
			name = Debug;
		};
		E4B69B4F0A3A1720003C02F2 /* Release */ = {
			isa = XCBuildConfiguration;
			buildSettings = {
				ARCHS = "$(NATIVE_ARCH)";
				CONFIGURATION_BUILD_DIR = "$(SRCROOT)/bin/";
				COPY_PHASE_STRIP = YES;
				DEAD_CODE_STRIPPING = YES;
				GCC_AUTO_VECTORIZATION = YES;
				GCC_ENABLE_SSE3_EXTENSIONS = YES;
				GCC_ENABLE_SUPPLEMENTAL_SSE3_INSTRUCTIONS = YES;
				GCC_INLINES_ARE_PRIVATE_EXTERN = NO;
				GCC_MODEL_TUNING = G5;
				GCC_OPTIMIZATION_LEVEL = 3;
				GCC_SYMBOLS_PRIVATE_EXTERN = NO;
				GCC_UNROLL_LOOPS = YES;
				GCC_WARN_ABOUT_DEPRECATED_FUNCTIONS = NO;
				GCC_WARN_ABOUT_INVALID_OFFSETOF_MACRO = NO;
				GCC_WARN_ALLOW_INCOMPLETE_PROTOCOL = NO;
				GCC_WARN_UNINITIALIZED_AUTOS = NO;
				GCC_WARN_UNUSED_VALUE = NO;
				GCC_WARN_UNUSED_VARIABLE = NO;
				HEADER_SEARCH_PATHS = (
					"../../../libs/openFrameworks/**",
					../../../libs/freetype/include/,
					../../../libs/freetype/include/freetype2,
					../../../libs/poco/include,
					../../../addons/,
				);
				OTHER_CPLUSPLUSFLAGS = (
					"-D__MACOSX_CORE__",
					"-lpthread",
				);
				OTHER_LDFLAGS = "";
				SDKROOT = "$(DEVELOPER_SDK_DIR)/MacOSX10.6.sdk";
			};
			name = Release;
		};
		E4B69B600A3A1757003C02F2 /* Debug */ = {
			isa = XCBuildConfiguration;
			buildSettings = {
				COPY_PHASE_STRIP = NO;
				FRAMEWORK_SEARCH_PATHS = (
					"$(inherited)",
					"$(FRAMEWORK_SEARCH_PATHS_QUOTED_FOR_TARGET_1)",
				);
				FRAMEWORK_SEARCH_PATHS_QUOTED_FOR_TARGET_1 = "\"$(SRCROOT)/../../../libs/glut/lib/osx\"";
				GCC_DYNAMIC_NO_PIC = NO;
				GCC_ENABLE_FIX_AND_CONTINUE = YES;
				GCC_GENERATE_DEBUGGING_SYMBOLS = YES;
				GCC_MODEL_TUNING = G4;
				GCC_OPTIMIZATION_LEVEL = 0;
				GCC_PRECOMPILE_PREFIX_HEADER = YES;
				GCC_PREFIX_HEADER = "$(SYSTEM_LIBRARY_DIR)/Frameworks/Carbon.framework/Headers/Carbon.h";
				INFOPLIST_FILE = "openFrameworks-Info.plist";
				INSTALL_PATH = "$(HOME)/Applications";
				LIBRARY_SEARCH_PATHS = (
					"$(inherited)",
					"$(LIBRARY_SEARCH_PATHS_QUOTED_FOR_TARGET_1)",
					"$(LIBRARY_SEARCH_PATHS_QUOTED_FOR_TARGET_2)",
					"$(LIBRARY_SEARCH_PATHS_QUOTED_FOR_TARGET_3)",
					"$(LIBRARY_SEARCH_PATHS_QUOTED_FOR_TARGET_4)",
					"$(LIBRARY_SEARCH_PATHS_QUOTED_FOR_TARGET_5)",
					"$(LIBRARY_SEARCH_PATHS_QUOTED_FOR_TARGET_6)",
					"$(LIBRARY_SEARCH_PATHS_QUOTED_FOR_TARGET_7)",
					"$(LIBRARY_SEARCH_PATHS_QUOTED_FOR_TARGET_8)",
					"$(LIBRARY_SEARCH_PATHS_QUOTED_FOR_TARGET_9)",
					"$(LIBRARY_SEARCH_PATHS_QUOTED_FOR_TARGET_10)",
					"$(LIBRARY_SEARCH_PATHS_QUOTED_FOR_TARGET_11)",
					"$(LIBRARY_SEARCH_PATHS_QUOTED_FOR_TARGET_12)",
					"$(LIBRARY_SEARCH_PATHS_QUOTED_FOR_TARGET_13)",
					"$(LIBRARY_SEARCH_PATHS_QUOTED_FOR_TARGET_14)",
					"$(LIBRARY_SEARCH_PATHS_QUOTED_FOR_TARGET_15)",
					"$(LIBRARY_SEARCH_PATHS_QUOTED_FOR_TARGET_2)",
					"$(LIBRARY_SEARCH_PATHS_QUOTED_FOR_TARGET_3)",
					"$(LIBRARY_SEARCH_PATHS_QUOTED_FOR_TARGET_7)",
					"$(LIBRARY_SEARCH_PATHS_QUOTED_FOR_TARGET_8)",
				);
				LIBRARY_SEARCH_PATHS_QUOTED_FOR_TARGET_1 = "\"$(SRCROOT)/../../../libs/freeimage/lib/osx\"";
				LIBRARY_SEARCH_PATHS_QUOTED_FOR_TARGET_14 = "\"$(SRCROOT)/../../../libs/fmodex/lib/osx\"";
				LIBRARY_SEARCH_PATHS_QUOTED_FOR_TARGET_15 = "\"$(SRCROOT)/../../../libs/freetype/lib/osx\"";
				LIBRARY_SEARCH_PATHS_QUOTED_FOR_TARGET_2 = "\"$(SRCROOT)/../../../libs/FreeImage/lib/osx\"";
				LIBRARY_SEARCH_PATHS_QUOTED_FOR_TARGET_3 = "\"$(SRCROOT)/addons/ofxKinect/libs/libusb/osx/libs\"";
				LIBRARY_SEARCH_PATHS_QUOTED_FOR_TARGET_4 = "\"$(SRCROOT)/../../../libs/GLee/lib/osx\"";
				LIBRARY_SEARCH_PATHS_QUOTED_FOR_TARGET_5 = "\"$(SRCROOT)/../../../libs/poco/lib/osx\"";
				LIBRARY_SEARCH_PATHS_QUOTED_FOR_TARGET_6 = "\"$(SRCROOT)/../../../libs/rtAudio/lib/osx\"";
				LIBRARY_SEARCH_PATHS_QUOTED_FOR_TARGET_7 = "\"$(DEVELOPER_DIR)/Udvikling/of_preRelease_v0062_osxSL_FAT/addons/ofxOsc/libs/oscpack/lib/osx\"";
				LIBRARY_SEARCH_PATHS_QUOTED_FOR_TARGET_8 = "\"$(SRCROOT)/../../../addons/ofxOsc/libs/oscpack/lib/osx\"";
				PREBINDING = NO;
				PRODUCT_NAME = "$(TARGET_NAME)Debug";
				WRAPPER_EXTENSION = app;
				ZERO_LINK = NO;
			};
			name = Debug;
		};
		E4B69B610A3A1757003C02F2 /* Release */ = {
			isa = XCBuildConfiguration;
			buildSettings = {
				COPY_PHASE_STRIP = YES;
				FRAMEWORK_SEARCH_PATHS = (
					"$(inherited)",
					"$(FRAMEWORK_SEARCH_PATHS_QUOTED_FOR_TARGET_1)",
				);
				FRAMEWORK_SEARCH_PATHS_QUOTED_FOR_TARGET_1 = "\"$(SRCROOT)/../../../libs/glut/lib/osx\"";
				GCC_ENABLE_FIX_AND_CONTINUE = NO;
				GCC_GENERATE_DEBUGGING_SYMBOLS = NO;
				GCC_MODEL_TUNING = G4;
				GCC_PRECOMPILE_PREFIX_HEADER = YES;
				GCC_PREFIX_HEADER = "$(SYSTEM_LIBRARY_DIR)/Frameworks/Carbon.framework/Headers/Carbon.h";
				INFOPLIST_FILE = "openFrameworks-Info.plist";
				INSTALL_PATH = "$(HOME)/Applications";
				LIBRARY_SEARCH_PATHS = (
					"$(inherited)",
					"$(LIBRARY_SEARCH_PATHS_QUOTED_FOR_TARGET_1)",
					"$(LIBRARY_SEARCH_PATHS_QUOTED_FOR_TARGET_2)",
					"$(LIBRARY_SEARCH_PATHS_QUOTED_FOR_TARGET_3)",
					"$(LIBRARY_SEARCH_PATHS_QUOTED_FOR_TARGET_4)",
					"$(LIBRARY_SEARCH_PATHS_QUOTED_FOR_TARGET_5)",
					"$(LIBRARY_SEARCH_PATHS_QUOTED_FOR_TARGET_6)",
					"$(LIBRARY_SEARCH_PATHS_QUOTED_FOR_TARGET_7)",
					"$(LIBRARY_SEARCH_PATHS_QUOTED_FOR_TARGET_8)",
					"$(LIBRARY_SEARCH_PATHS_QUOTED_FOR_TARGET_9)",
					"$(LIBRARY_SEARCH_PATHS_QUOTED_FOR_TARGET_10)",
					"$(LIBRARY_SEARCH_PATHS_QUOTED_FOR_TARGET_11)",
					"$(LIBRARY_SEARCH_PATHS_QUOTED_FOR_TARGET_12)",
					"$(LIBRARY_SEARCH_PATHS_QUOTED_FOR_TARGET_13)",
					"$(LIBRARY_SEARCH_PATHS_QUOTED_FOR_TARGET_14)",
					"$(LIBRARY_SEARCH_PATHS_QUOTED_FOR_TARGET_15)",
					"$(LIBRARY_SEARCH_PATHS_QUOTED_FOR_TARGET_2)",
					"$(LIBRARY_SEARCH_PATHS_QUOTED_1)",
					"$(LIBRARY_SEARCH_PATHS_QUOTED_2)",
					"$(LIBRARY_SEARCH_PATHS_QUOTED_3)",
				);
				LIBRARY_SEARCH_PATHS_QUOTED_1 = "\"$(SRCROOT)/addons/ofxKinect/libs/libusb/osx/libs\"";
				LIBRARY_SEARCH_PATHS_QUOTED_2 = "\"$(DEVELOPER_DIR)/Udvikling/of_preRelease_v0062_osxSL_FAT/addons/ofxOsc/libs/oscpack/lib/osx\"";
				LIBRARY_SEARCH_PATHS_QUOTED_3 = "\"$(SRCROOT)/../../../addons/ofxOsc/libs/oscpack/lib/osx\"";
				LIBRARY_SEARCH_PATHS_QUOTED_FOR_TARGET_1 = "\"$(SRCROOT)/../../../libs/freeimage/lib/osx\"";
				LIBRARY_SEARCH_PATHS_QUOTED_FOR_TARGET_14 = "\"$(SRCROOT)/../../../libs/fmodex/lib/osx\"";
				LIBRARY_SEARCH_PATHS_QUOTED_FOR_TARGET_15 = "\"$(SRCROOT)/../../../libs/freetype/lib/osx\"";
				LIBRARY_SEARCH_PATHS_QUOTED_FOR_TARGET_2 = "\"$(SRCROOT)/../../../libs/FreeImage/lib/osx\"";
				LIBRARY_SEARCH_PATHS_QUOTED_FOR_TARGET_4 = "\"$(SRCROOT)/../../../libs/GLee/lib/osx\"";
				LIBRARY_SEARCH_PATHS_QUOTED_FOR_TARGET_5 = "\"$(SRCROOT)/../../../libs/poco/lib/osx\"";
				LIBRARY_SEARCH_PATHS_QUOTED_FOR_TARGET_6 = "\"$(SRCROOT)/../../../libs/rtAudio/lib/osx\"";
				PREBINDING = NO;
				PRODUCT_NAME = "$(TARGET_NAME)";
				WRAPPER_EXTENSION = app;
				ZERO_LINK = NO;
			};
			name = Release;
		};
/* End XCBuildConfiguration section */

/* Begin XCConfigurationList section */
		E4B69B4D0A3A1720003C02F2 /* Build configuration list for PBXProject "PeopleCounterServer" */ = {
			isa = XCConfigurationList;
			buildConfigurations = (
				E4B69B4E0A3A1720003C02F2 /* Debug */,
				E4B69B4F0A3A1720003C02F2 /* Release */,
				E4B27CA010CBF8A600536013 /* ReleaseUniversal */,
			);
			defaultConfigurationIsVisible = 0;
			defaultConfigurationName = Release;
		};
		E4B69B5F0A3A1757003C02F2 /* Build configuration list for PBXNativeTarget "emptyExample" */ = {
			isa = XCConfigurationList;
			buildConfigurations = (
				E4B69B600A3A1757003C02F2 /* Debug */,
				E4B69B610A3A1757003C02F2 /* Release */,
				E4B27CA110CBF8A600536013 /* ReleaseUniversal */,
			);
			defaultConfigurationIsVisible = 0;
			defaultConfigurationName = Release;
		};
/* End XCConfigurationList section */
	};
	rootObject = E4B69B4C0A3A1720003C02F2 /* Project object */;
}
